{
	"name": "vscode-dotnet-runtime",
	"lockfileVersion": 3,
	"requires": true,
	"packages": {
		"": {
			"name": "vscode-dotnet-runtime",
			"license": "MIT",
			"devDependencies": {
				"@eslint/compat": "^2.0.3",
				"@typescript-eslint/eslint-plugin": "^8.0.0",
				"@typescript-eslint/parser": "^8.0.0",
				"eslint": "^10.1.0",
				"eslint-config-prettier": "^9.1.0",
				"eslint-plugin-header": "^3.1.1",
				"eslint-plugin-jsdoc": "^62.8.1",
				"globals": "^17.4.0",
				"typescript": "^5.5.4",
				"typescript-eslint": "^8.57.2"
			}
		},
		"node_modules/@es-joy/jsdoccomment": {
			"version": "0.86.0",
			"resolved": "https://pkgs.dev.azure.com/dnceng/public/_packaging/dotnet-public-npm/npm/registry/@es-joy/jsdoccomment/-/jsdoccomment-0.86.0.tgz",
			"integrity": "sha1-9ydpBO1zvyE2mTYnAzrrUYO0OSo=",
			"dev": true,
			"license": "MIT",
			"dependencies": {
				"@types/estree": "^1.0.8",
				"@typescript-eslint/types": "^8.58.0",
				"comment-parser": "1.4.6",
				"esquery": "^1.7.0",
				"jsdoc-type-pratt-parser": "~7.2.0"
			},
			"engines": {
				"node": "^20.19.0 || ^22.13.0 || >=24"
			}
		},
		"node_modules/@es-joy/resolve.exports": {
			"version": "1.2.0",
			"resolved": "https://pkgs.dev.azure.com/dnceng/public/_packaging/dotnet-public-npm/npm/registry/@es-joy/resolve.exports/-/resolve.exports-1.2.0.tgz",
			"integrity": "sha1-/lQaaKoIAlX3mMhWFxSsj61yzdU=",
			"dev": true,
			"license": "MIT",
			"engines": {
				"node": ">=10"
			}
		},
		"node_modules/@eslint-community/eslint-utils": {
			"version": "4.10.1",
			"resolved": "https://pkgs.dev.azure.com/dnceng/public/_packaging/dotnet-public-npm/npm/registry/@eslint-community/eslint-utils/-/eslint-utils-4.10.1.tgz",
			"integrity": "sha1-iRG9crLDZApUNgngQAuMTS5+fLY=",
			"dev": true,
			"license": "MIT",
			"dependencies": {
				"eslint-visitor-keys": "^3.4.3"
			},
			"engines": {
				"node": "^12.22.0 || ^14.17.0 || >=16.0.0"
			},
			"funding": {
				"url": "https://opencollective.com/eslint"
			},
			"peerDependencies": {
				"eslint": "^6.0.0 || ^7.0.0 || >=8.0.0"
			}
		},
		"node_modules/@eslint-community/regexpp": {
			"version": "4.12.2",
			"resolved": "https://pkgs.dev.azure.com/dnceng/public/_packaging/dotnet-public-npm/npm/registry/@eslint-community/regexpp/-/regexpp-4.12.2.tgz",
			"integrity": "sha1-vM32Fbz3tujbgw7AuNIcmiXeWXs=",
			"dev": true,
			"license": "MIT",
			"engines": {
				"node": "^12.0.0 || ^14.0.0 || >=16.0.0"
			}
		},
		"node_modules/@eslint/compat": {
			"version": "2.1.0",
			"resolved": "https://pkgs.dev.azure.com/dnceng/public/_packaging/dotnet-public-npm/npm/registry/@eslint/compat/-/compat-2.1.0.tgz",
			"integrity": "sha1-jGYRD5XPD92GS3auTVNAQt6nu38=",
			"dev": true,
			"license": "Apache-2.0",
			"dependencies": {
				"@eslint/core": "^1.2.1"
			},
			"engines": {
				"node": "^20.19.0 || ^22.13.0 || >=24"
			},
			"peerDependencies": {
				"eslint": "^8.40 || 9 || 10"
			},
			"peerDependenciesMeta": {
				"eslint": {
					"optional": true
				}
			}
		},
		"node_modules/@eslint/config-array": {
			"version": "0.23.5",
			"resolved": "https://pkgs.dev.azure.com/dnceng/public/_packaging/dotnet-public-npm/npm/registry/@eslint/config-array/-/config-array-0.23.5.tgz",
			"integrity": "sha1-VuhtJDBJGV2KzAwGobPf3D+j3pU=",
			"dev": true,
			"license": "Apache-2.0",
			"dependencies": {
				"@eslint/object-schema": "^3.0.5",
				"debug": "^4.3.1",
				"minimatch": "^10.2.4"
			},
			"engines": {
				"node": "^20.19.0 || ^22.13.0 || >=24"
			}
		},
		"node_modules/@eslint/config-helpers": {
			"version": "0.7.0",
			"resolved": "https://pkgs.dev.azure.com/dnceng/public/_packaging/dotnet-public-npm/npm/registry/@eslint/config-helpers/-/config-helpers-0.7.0.tgz",
			"integrity": "sha1-Ce5KoHtz8FnsLUx0v0sv8CsyI3c=",
			"dev": true,
			"license": "Apache-2.0",
			"dependencies": {
				"@eslint/core": "^1.2.1"
			},
			"engines": {
				"node": "^20.19.0 || ^22.13.0 || >=24"
			}
		},
		"node_modules/@eslint/core": {
			"version": "1.2.1",
			"resolved": "https://pkgs.dev.azure.com/dnceng/public/_packaging/dotnet-public-npm/npm/registry/@eslint/core/-/core-1.2.1.tgz",
			"integrity": "sha1-wdp80bgvqHh/mLVin7gRhIobY84=",
			"dev": true,
			"license": "Apache-2.0",
			"dependencies": {
				"@types/json-schema": "^7.0.15"
			},
			"engines": {
				"node": "^20.19.0 || ^22.13.0 || >=24"
			}
		},
		"node_modules/@eslint/object-schema": {
			"version": "3.0.5",
			"resolved": "https://pkgs.dev.azure.com/dnceng/public/_packaging/dotnet-public-npm/npm/registry/@eslint/object-schema/-/object-schema-3.0.5.tgz",
			"integrity": "sha1-iOm/TRHSsZwILnjr586IckpesJE=",
			"dev": true,
			"license": "Apache-2.0",
			"engines": {
				"node": "^20.19.0 || ^22.13.0 || >=24"
			}
		},
		"node_modules/@eslint/plugin-kit": {
			"version": "0.7.2",
			"resolved": "https://pkgs.dev.azure.com/dnceng/public/_packaging/dotnet-public-npm/npm/registry/@eslint/plugin-kit/-/plugin-kit-0.7.2.tgz",
			"integrity": "sha1-Swli8/LHzovJiz7P40UlwJ0styk=",
			"dev": true,
			"license": "Apache-2.0",
			"dependencies": {
				"@eslint/core": "^1.2.1",
				"levn": "^0.4.1"
			},
			"engines": {
				"node": "^20.19.0 || ^22.13.0 || >=24"
			}
		},
		"node_modules/@humanfs/core": {
			"version": "0.19.2",
			"resolved": "https://pkgs.dev.azure.com/dnceng/public/_packaging/dotnet-public-npm/npm/registry/@humanfs/core/-/core-0.19.2.tgz",
			"integrity": "sha1-qCcsoDsqz0kmcCIrIyC2xCG/3mA=",
			"dev": true,
			"license": "Apache-2.0",
			"dependencies": {
				"@humanfs/types": "^0.15.0"
			},
			"engines": {
				"node": ">=18.18.0"
			}
		},
		"node_modules/@humanfs/node": {
			"version": "0.16.8",
			"resolved": "https://pkgs.dev.azure.com/dnceng/public/_packaging/dotnet-public-npm/npm/registry/@humanfs/node/-/node-0.16.8.tgz",
			"integrity": "sha1-j4AMzME/T4zTEW4tnAqUk52j4+0=",
			"dev": true,
			"license": "Apache-2.0",
			"dependencies": {
				"@humanfs/core": "^0.19.2",
				"@humanfs/types": "^0.15.0",
				"@humanwhocodes/retry": "^0.4.0"
			},
			"engines": {
				"node": ">=18.18.0"
			}
		},
		"node_modules/@humanfs/types": {
			"version": "0.15.0",
			"resolved": "https://pkgs.dev.azure.com/dnceng/public/_packaging/dotnet-public-npm/npm/registry/@humanfs/types/-/types-0.15.0.tgz",
			"integrity": "sha1-8qCfYgEjkLK/8/xvskjd7IwJoJA=",
			"dev": true,
			"license": "Apache-2.0",
			"engines": {
				"node": ">=18.18.0"
			}
		},
		"node_modules/@humanwhocodes/module-importer": {
			"version": "1.0.1",
			"resolved": "https://pkgs.dev.azure.com/dnceng/public/_packaging/dotnet-public-npm/npm/registry/@humanwhocodes/module-importer/-/module-importer-1.0.1.tgz",
			"integrity": "sha1-r1smkaIrRL6EewyoFkHF+2rQFyw=",
			"dev": true,
			"license": "Apache-2.0",
			"engines": {
				"node": ">=12.22"
			},
			"funding": {
				"type": "github",
				"url": "https://github.com/sponsors/nzakas"
			}
		},
		"node_modules/@humanwhocodes/retry": {
			"version": "0.4.3",
			"resolved": "https://pkgs.dev.azure.com/dnceng/public/_packaging/dotnet-public-npm/npm/registry/@humanwhocodes/retry/-/retry-0.4.3.tgz",
			"integrity": "sha1-wrnS43TuYsWG062+qHGZsdenpro=",
			"dev": true,
			"license": "Apache-2.0",
			"engines": {
				"node": ">=18.18"
			},
			"funding": {
				"type": "github",
				"url": "https://github.com/sponsors/nzakas"
			}
		},
		"node_modules/@sindresorhus/base62": {
			"version": "1.0.0",
			"resolved": "https://pkgs.dev.azure.com/dnceng/public/_packaging/dotnet-public-npm/npm/registry/@sindresorhus/base62/-/base62-1.0.0.tgz",
			"integrity": "sha1-xHxCQQ5SEuT6RldnDhGN37o5rNY=",
			"dev": true,
			"license": "MIT",
			"engines": {
				"node": ">=18"
			},
			"funding": {
				"url": "https://github.com/sponsors/sindresorhus"
			}
		},
		"node_modules/@types/esrecurse": {
			"version": "4.3.1",
			"resolved": "https://pkgs.dev.azure.com/dnceng/public/_packaging/dotnet-public-npm/npm/registry/@types/esrecurse/-/esrecurse-4.3.1.tgz",
			"integrity": "sha1-b2Nq+WL75hkbgwvWdrpZhpJrzOw=",
			"dev": true,
			"license": "MIT"
		},
		"node_modules/@types/estree": {
			"version": "1.0.9",
			"resolved": "https://pkgs.dev.azure.com/dnceng/public/_packaging/dotnet-public-npm/npm/registry/@types/estree/-/estree-1.0.9.tgz",
			"integrity": "sha1-zz8Oh2177hWpOrkluCv1cKOQSiQ=",
			"dev": true,
			"license": "MIT"
		},
		"node_modules/@types/json-schema": {
			"version": "7.0.15",
			"resolved": "https://pkgs.dev.azure.com/dnceng/public/_packaging/dotnet-public-npm/npm/registry/@types/json-schema/-/json-schema-7.0.15.tgz",
			"integrity": "sha1-WWoXRyM2lNUPatinhp/Lb1bPWEE=",
			"dev": true,
			"license": "MIT"
		},
		"node_modules/@typescript-eslint/eslint-plugin": {
			"version": "8.68.0",
			"resolved": "https://pkgs.dev.azure.com/dnceng/public/_packaging/dotnet-public-npm/npm/registry/@typescript-eslint/eslint-plugin/-/eslint-plugin-8.68.0.tgz",
			"integrity": "sha1-qPvbHPSar68WBxtkbarYkBUb0Uk=",
			"dev": true,
			"license": "MIT",
			"dependencies": {
				"@eslint-community/regexpp": "^4.12.2",
				"@typescript-eslint/scope-manager": "8.68.0",
				"@typescript-eslint/type-utils": "8.68.0",
				"@typescript-eslint/utils": "8.68.0",
				"@typescript-eslint/visitor-keys": "8.68.0",
				"ignore": "^7.0.5",
				"natural-compare": "^1.4.0",
				"ts-api-utils": "^2.5.0"
			},
			"engines": {
				"node": "^18.18.0 || ^20.9.0 || >=21.1.0"
			},
			"funding": {
				"type": "opencollective",
				"url": "https://opencollective.com/typescript-eslint"
			},
			"peerDependencies": {
				"@typescript-eslint/parser": "^8.68.0",
				"eslint": "^8.57.0 || ^9.0.0 || ^10.0.0",
				"typescript": ">=4.8.4 <6.1.0"
			}
		},
		"node_modules/@typescript-eslint/parser": {
			"version": "8.68.0",
			"resolved": "https://pkgs.dev.azure.com/dnceng/public/_packaging/dotnet-public-npm/npm/registry/@typescript-eslint/parser/-/parser-8.68.0.tgz",
			"integrity": "sha1-Yd4xSBNUxQRXvJYhp+10Z3nwnuc=",
			"dev": true,
			"license": "MIT",
			"dependencies": {
				"@typescript-eslint/scope-manager": "8.68.0",
				"@typescript-eslint/types": "8.68.0",
				"@typescript-eslint/typescript-estree": "8.68.0",
				"@typescript-eslint/visitor-keys": "8.68.0",
				"debug": "^4.4.3"
			},
			"engines": {
				"node": "^18.18.0 || ^20.9.0 || >=21.1.0"
			},
			"funding": {
				"type": "opencollective",
				"url": "https://opencollective.com/typescript-eslint"
			},
			"peerDependencies": {
				"eslint": "^8.57.0 || ^9.0.0 || ^10.0.0",
				"typescript": ">=4.8.4 <6.1.0"
			}
		},
		"node_modules/@typescript-eslint/project-service": {
			"version": "8.68.0",
			"resolved": "https://pkgs.dev.azure.com/dnceng/public/_packaging/dotnet-public-npm/npm/registry/@typescript-eslint/project-service/-/project-service-8.68.0.tgz",
			"integrity": "sha1-6ksoafWRZcQgzXpLvrw4A5eU6Mw=",
			"dev": true,
			"license": "MIT",
			"dependencies": {
				"@typescript-eslint/tsconfig-utils": "^8.68.0",
				"@typescript-eslint/types": "^8.68.0",
				"debug": "^4.4.3"
			},
			"engines": {
				"node": "^18.18.0 || ^20.9.0 || >=21.1.0"
			},
			"funding": {
				"type": "opencollective",
				"url": "https://opencollective.com/typescript-eslint"
			},
			"peerDependencies": {
				"typescript": ">=4.8.4 <6.1.0"
			}
		},
		"node_modules/@typescript-eslint/scope-manager": {
			"version": "8.68.0",
			"resolved": "https://pkgs.dev.azure.com/dnceng/public/_packaging/dotnet-public-npm/npm/registry/@typescript-eslint/scope-manager/-/scope-manager-8.68.0.tgz",
			"integrity": "sha1-5aE6EVlJf66rTkgnm/B1dgRbFJk=",
			"dev": true,
			"license": "MIT",
			"dependencies": {
				"@typescript-eslint/types": "8.68.0",
				"@typescript-eslint/visitor-keys": "8.68.0"
			},
			"engines": {
				"node": "^18.18.0 || ^20.9.0 || >=21.1.0"
			},
			"funding": {
				"type": "opencollective",
				"url": "https://opencollective.com/typescript-eslint"
			}
		},
		"node_modules/@typescript-eslint/tsconfig-utils": {
			"version": "8.68.0",
			"resolved": "https://pkgs.dev.azure.com/dnceng/public/_packaging/dotnet-public-npm/npm/registry/@typescript-eslint/tsconfig-utils/-/tsconfig-utils-8.68.0.tgz",
			"integrity": "sha1-WU16PFlSBVs8Qx/FY8p/0d78zhg=",
			"dev": true,
			"license": "MIT",
			"engines": {
				"node": "^18.18.0 || ^20.9.0 || >=21.1.0"
			},
			"funding": {
				"type": "opencollective",
				"url": "https://opencollective.com/typescript-eslint"
			},
			"peerDependencies": {
				"typescript": ">=4.8.4 <6.1.0"
			}
		},
		"node_modules/@typescript-eslint/type-utils": {
			"version": "8.68.0",
			"resolved": "https://pkgs.dev.azure.com/dnceng/public/_packaging/dotnet-public-npm/npm/registry/@typescript-eslint/type-utils/-/type-utils-8.68.0.tgz",
			"integrity": "sha1-jz6Djb10CQnbJwU4V0aM0DewAiA=",
			"dev": true,
			"license": "MIT",
			"dependencies": {
				"@typescript-eslint/types": "8.68.0",
				"@typescript-eslint/typescript-estree": "8.68.0",
				"@typescript-eslint/utils": "8.68.0",
				"debug": "^4.4.3",
				"ts-api-utils": "^2.5.0"
			},
			"engines": {
				"node": "^18.18.0 || ^20.9.0 || >=21.1.0"
			},
			"funding": {
				"type": "opencollective",
				"url": "https://opencollective.com/typescript-eslint"
			},
			"peerDependencies": {
				"eslint": "^8.57.0 || ^9.0.0 || ^10.0.0",
				"typescript": ">=4.8.4 <6.1.0"
			}
		},
		"node_modules/@typescript-eslint/types": {
			"version": "8.68.0",
			"resolved": "https://pkgs.dev.azure.com/dnceng/public/_packaging/dotnet-public-npm/npm/registry/@typescript-eslint/types/-/types-8.68.0.tgz",
			"integrity": "sha1-P51OYvvlco8JQDzce01Yr4Qqwa8=",
			"dev": true,
			"license": "MIT",
			"engines": {
				"node": "^18.18.0 || ^20.9.0 || >=21.1.0"
			},
			"funding": {
				"type": "opencollective",
				"url": "https://opencollective.com/typescript-eslint"
			}
		},
		"node_modules/@typescript-eslint/typescript-estree": {
			"version": "8.68.0",
			"resolved": "https://pkgs.dev.azure.com/dnceng/public/_packaging/dotnet-public-npm/npm/registry/@typescript-eslint/typescript-estree/-/typescript-estree-8.68.0.tgz",
			"integrity": "sha1-v0FlApglE4rCcjGj/wKSPs2Xfzg=",
			"dev": true,
			"license": "MIT",
			"dependencies": {
				"@typescript-eslint/project-service": "8.68.0",
				"@typescript-eslint/tsconfig-utils": "8.68.0",
				"@typescript-eslint/types": "8.68.0",
				"@typescript-eslint/visitor-keys": "8.68.0",
				"debug": "^4.4.3",
				"minimatch": "^10.2.2",
				"semver": "^7.7.3",
				"tinyglobby": "^0.2.15",
				"ts-api-utils": "^2.5.0"
			},
			"engines": {
				"node": "^18.18.0 || ^20.9.0 || >=21.1.0"
			},
			"funding": {
				"type": "opencollective",
				"url": "https://opencollective.com/typescript-eslint"
			},
			"peerDependencies": {
				"typescript": ">=4.8.4 <6.1.0"
			}
		},
		"node_modules/@typescript-eslint/utils": {
			"version": "8.68.0",
			"resolved": "https://pkgs.dev.azure.com/dnceng/public/_packaging/dotnet-public-npm/npm/registry/@typescript-eslint/utils/-/utils-8.68.0.tgz",
			"integrity": "sha1-AFR/LI3orKKjwhdSqXEfcyBv020=",
			"dev": true,
			"license": "MIT",
			"dependencies": {
				"@eslint-community/eslint-utils": "^4.9.1",
				"@typescript-eslint/scope-manager": "8.68.0",
				"@typescript-eslint/types": "8.68.0",
				"@typescript-eslint/typescript-estree": "8.68.0"
			},
			"engines": {
				"node": "^18.18.0 || ^20.9.0 || >=21.1.0"
			},
			"funding": {
				"type": "opencollective",
				"url": "https://opencollective.com/typescript-eslint"
			},
			"peerDependencies": {
				"eslint": "^8.57.0 || ^9.0.0 || ^10.0.0",
				"typescript": ">=4.8.4 <6.1.0"
			}
		},
		"node_modules/@typescript-eslint/visitor-keys": {
			"version": "8.68.0",
			"resolved": "https://pkgs.dev.azure.com/dnceng/public/_packaging/dotnet-public-npm/npm/registry/@typescript-eslint/visitor-keys/-/visitor-keys-8.68.0.tgz",
			"integrity": "sha1-eNs8m7JYoDCdnisbYXEnw6j7H1Q=",
			"dev": true,
			"license": "MIT",
			"dependencies": {
				"@typescript-eslint/types": "8.68.0",
				"eslint-visitor-keys": "^5.0.0"
			},
			"engines": {
				"node": "^18.18.0 || ^20.9.0 || >=21.1.0"
			},
			"funding": {
				"type": "opencollective",
				"url": "https://opencollective.com/typescript-eslint"
			}
		},
		"node_modules/@typescript-eslint/visitor-keys/node_modules/eslint-visitor-keys": {
			"version": "5.0.1",
			"resolved": "https://pkgs.dev.azure.com/dnceng/public/_packaging/dotnet-public-npm/npm/registry/eslint-visitor-keys/-/eslint-visitor-keys-5.0.1.tgz",
			"integrity": "sha1-njyUiWl4JNLUzjqK0SYo+R6fWb4=",
			"dev": true,
			"license": "Apache-2.0",
			"engines": {
				"node": "^20.19.0 || ^22.13.0 || >=24"
			},
			"funding": {
				"url": "https://opencollective.com/eslint"
			}
		},
		"node_modules/acorn": {
			"version": "8.18.0",
			"resolved": "https://pkgs.dev.azure.com/dnceng/public/_packaging/dotnet-public-npm/npm/registry/acorn/-/acorn-8.18.0.tgz",
			"integrity": "sha1-T68BstbTJr/u2XrqH1IiC19MGUA=",
			"dev": true,
			"license": "MIT",
			"bin": {
				"acorn": "bin/acorn"
			},
			"engines": {
				"node": ">=0.4.0"
			}
		},
		"node_modules/acorn-jsx": {
			"version": "5.3.2",
			"resolved": "https://pkgs.dev.azure.com/dnceng/public/_packaging/dotnet-public-npm/npm/registry/acorn-jsx/-/acorn-jsx-5.3.2.tgz",
			"integrity": "sha1-ftW7VZCLOy8bxVxq8WU7rafweTc=",
			"dev": true,
			"license": "MIT",
			"peerDependencies": {
				"acorn": "^6.0.0 || ^7.0.0 || ^8.0.0"
			}
		},
		"node_modules/are-docs-informative": {
			"version": "0.0.2",
			"resolved": "https://pkgs.dev.azure.com/dnceng/public/_packaging/dotnet-public-npm/npm/registry/are-docs-informative/-/are-docs-informative-0.0.2.tgz",
			"integrity": "sha1-OH8Ok/XUUoA3PTh6WdNMltsyGWM=",
			"dev": true,
			"license": "MIT",
			"engines": {
				"node": ">=14"
			}
		},
		"node_modules/balanced-match": {
			"version": "4.0.4",
			"resolved": "https://pkgs.dev.azure.com/dnceng/public/_packaging/dotnet-public-npm/npm/registry/balanced-match/-/balanced-match-4.0.4.tgz",
			"integrity": "sha1-v7EGYv7tgZaixi58aOF3IMJ0F5o=",
			"dev": true,
			"license": "MIT",
			"engines": {
				"node": "18 || 20 || >=22"
			}
		},
		"node_modules/brace-expansion": {
			"version": "5.0.9",
			"resolved": "https://pkgs.dev.azure.com/dnceng/public/_packaging/dotnet-public-npm/npm/registry/brace-expansion/-/brace-expansion-5.0.9.tgz",
			"integrity": "sha1-fHJDiAm1+lur9UGZofHCgaaYT88=",
			"dev": true,
			"license": "MIT",
			"dependencies": {
				"balanced-match": "^4.0.2"
			},
			"engines": {
				"node": "20 || >=22"
			}
		},
		"node_modules/comment-parser": {
			"version": "1.4.6",
			"resolved": "https://pkgs.dev.azure.com/dnceng/public/_packaging/dotnet-public-npm/npm/registry/comment-parser/-/comment-parser-1.4.6.tgz",
			"integrity": "sha1-Saax1T+lYzJPdXerjAsm2059H5o=",
			"dev": true,
			"license": "MIT",
			"engines": {
				"node": ">= 12.0.0"
			}
		},
		"node_modules/cross-spawn": {
			"version": "7.0.6",
			"resolved": "https://pkgs.dev.azure.com/dnceng/public/_packaging/dotnet-public-npm/npm/registry/cross-spawn/-/cross-spawn-7.0.6.tgz",
			"integrity": "sha1-ilj+ePANzXDDcEUXWd+/rwPo7p8=",
			"dev": true,
			"license": "MIT",
			"dependencies": {
				"path-key": "^3.1.0",
				"shebang-command": "^2.0.0",
				"which": "^2.0.1"
			},
			"engines": {
				"node": ">= 8"
			}
		},
		"node_modules/debug": {
			"version": "4.4.3",
			"resolved": "https://pkgs.dev.azure.com/dnceng/public/_packaging/dotnet-public-npm/npm/registry/debug/-/debug-4.4.3.tgz",
			"integrity": "sha1-xq5DLZvZZiWC/OCHCbA4xY6ePWo=",
			"dev": true,
			"license": "MIT",
			"dependencies": {
				"ms": "^2.1.3"
			},
			"engines": {
				"node": ">=6.0"
			},
			"peerDependenciesMeta": {
				"supports-color": {
					"optional": true
				}
			}
		},
		"node_modules/deep-is": {
			"version": "0.1.4",
			"resolved": "https://pkgs.dev.azure.com/dnceng/public/_packaging/dotnet-public-npm/npm/registry/deep-is/-/deep-is-0.1.4.tgz",
			"integrity": "sha1-pvLc5hL63S7x9Rm3NVHxfoUZmDE=",
			"dev": true,
			"license": "MIT"
		},
		"node_modules/escape-string-regexp": {
			"version": "4.0.0",
			"resolved": "https://pkgs.dev.azure.com/dnceng/public/_packaging/dotnet-public-npm/npm/registry/escape-string-regexp/-/escape-string-regexp-4.0.0.tgz",
			"integrity": "sha1-FLqDpdNz49MR5a/KKc9b+tllvzQ=",
			"dev": true,
			"license": "MIT",
			"engines": {
				"node": ">=10"
			},
			"funding": {
				"url": "https://github.com/sponsors/sindresorhus"
			}
		},
		"node_modules/eslint": {
			"version": "10.9.1",
			"resolved": "https://pkgs.dev.azure.com/dnceng/public/_packaging/dotnet-public-npm/npm/registry/eslint/-/eslint-10.9.1.tgz",
			"integrity": "sha1-QJ2lxBpVNtWoSfhVWhjKfvHrljs=",
			"dev": true,
			"license": "MIT",
			"workspaces": [
				"packages/*"
			],
			"dependencies": {
				"@eslint-community/eslint-utils": "^4.8.0",
				"@eslint-community/regexpp": "^4.12.2",
				"@eslint/config-array": "^0.23.5",
				"@eslint/config-helpers": "^0.7.0",
				"@eslint/core": "^1.2.1",
				"@eslint/plugin-kit": "^0.7.2",
				"@humanfs/node": "^0.16.6",
				"@humanwhocodes/module-importer": "^1.0.1",
				"@humanwhocodes/retry": "^0.4.2",
				"@types/estree": "^1.0.6",
				"ajv": "^6.14.0",
				"cross-spawn": "^7.0.6",
				"debug": "^4.3.2",
				"escape-string-regexp": "^4.0.0",
				"eslint-scope": "^9.1.2",
				"eslint-visitor-keys": "^5.0.1",
				"espree": "^11.2.0",
				"esquery": "^1.7.0",
				"esutils": "^2.0.2",
				"fast-deep-equal": "^3.1.3",
				"file-entry-cache": "^8.0.0",
				"find-up": "^5.0.0",
				"glob-parent": "^6.0.2",
				"ignore": "^5.2.0",
				"imurmurhash": "^0.1.4",
				"is-glob": "^4.0.0",
				"json-stable-stringify-without-jsonify": "^1.0.1",
				"minimatch": "^10.2.5",
				"natural-compare": "^1.4.0",
				"optionator": "^0.9.3"
			},
			"bin": {
				"eslint": "bin/eslint.js"
			},
			"engines": {
				"node": "^20.19.0 || ^22.13.0 || >=24"
			},
			"funding": {
				"url": "https://eslint.org/donate"
			},
			"peerDependencies": {
				"jiti": "*"
			},
			"peerDependenciesMeta": {
				"jiti": {
					"optional": true
				}
			}
		},
		"node_modules/eslint-config-prettier": {
			"version": "9.1.2",
			"resolved": "https://pkgs.dev.azure.com/dnceng/public/_packaging/dotnet-public-npm/npm/registry/eslint-config-prettier/-/eslint-config-prettier-9.1.2.tgz",
			"integrity": "sha1-kN60+gJZWS33dLYA29HSJJp4zpE=",
			"dev": true,
			"license": "MIT",
			"bin": {
				"eslint-config-prettier": "bin/cli.js"
			},
			"peerDependencies": {
				"eslint": ">=7.0.0"
			}
		},
		"node_modules/eslint-plugin-header": {
			"version": "3.1.1",
			"resolved": "https://pkgs.dev.azure.com/dnceng/public/_packaging/dotnet-public-npm/npm/registry/eslint-plugin-header/-/eslint-plugin-header-3.1.1.tgz",
			"integrity": "sha1-bOUSQy1XZ1Jl+sRykrUNHv8RrNY=",
			"dev": true,
			"license": "MIT",
			"peerDependencies": {
				"eslint": ">=7.7.0"
			}
		},
		"node_modules/eslint-plugin-jsdoc": {
			"version": "62.9.0",
			"resolved": "https://pkgs.dev.azure.com/dnceng/public/_packaging/dotnet-public-npm/npm/registry/eslint-plugin-jsdoc/-/eslint-plugin-jsdoc-62.9.0.tgz",
			"integrity": "sha1-pJAvaXix58xcXRpSjs99jHznFtk=",
			"dev": true,
			"license": "BSD-3-Clause",
			"dependencies": {
				"@es-joy/jsdoccomment": "~0.86.0",
				"@es-joy/resolve.exports": "1.2.0",
				"are-docs-informative": "^0.0.2",
				"comment-parser": "1.4.6",
				"debug": "^4.4.3",
				"escape-string-regexp": "^4.0.0",
				"espree": "^11.2.0",
				"esquery": "^1.7.0",
				"html-entities": "^2.6.0",
				"object-deep-merge": "^2.0.0",
				"parse-imports-exports": "^0.2.4",
				"semver": "^7.7.4",
				"spdx-expression-parse": "^4.0.0",
				"to-valid-identifier": "^1.0.0"
			},
			"engines": {
				"node": "^20.19.0 || ^22.13.0 || >=24"
			},
			"peerDependencies": {
				"eslint": "^7.0.0 || ^8.0.0 || ^9.0.0 || ^10.0.0"
			}
		},
		"node_modules/eslint-scope": {
			"version": "9.1.2",
			"resolved": "https://pkgs.dev.azure.com/dnceng/public/_packaging/dotnet-public-npm/npm/registry/eslint-scope/-/eslint-scope-9.1.2.tgz",
			"integrity": "sha1-ud5qzi+rHP8k0uWNhbdMj86jmAI=",
			"dev": true,
			"license": "BSD-2-Clause",
			"dependencies": {
				"@types/esrecurse": "^4.3.1",
				"@types/estree": "^1.0.8",
				"esrecurse": "^4.3.0",
				"estraverse": "^5.2.0"
			},
			"engines": {
				"node": "^20.19.0 || ^22.13.0 || >=24"
			},
			"funding": {
				"url": "https://opencollective.com/eslint"
			}
		},
		"node_modules/eslint-visitor-keys": {
			"version": "3.4.3",
			"resolved": "https://pkgs.dev.azure.com/dnceng/public/_packaging/dotnet-public-npm/npm/registry/eslint-visitor-keys/-/eslint-visitor-keys-3.4.3.tgz",
			"integrity": "sha1-DNcv6FUOPC6uFWqWpN3c0cisWAA=",
			"dev": true,
			"license": "Apache-2.0",
			"engines": {
				"node": "^12.22.0 || ^14.17.0 || >=16.0.0"
			},
			"funding": {
				"url": "https://opencollective.com/eslint"
			}
		},
		"node_modules/eslint/node_modules/ajv": {
			"version": "6.15.0",
			"resolved": "https://pkgs.dev.azure.com/dnceng/public/_packaging/dotnet-public-npm/npm/registry/ajv/-/ajv-6.15.0.tgz",
			"integrity": "sha1-B+mCx0YmFnqnoklcU4F4ktcTlJI=",
			"dev": true,
			"license": "MIT",
			"dependencies": {
				"fast-deep-equal": "^3.1.1",
				"fast-json-stable-stringify": "^2.0.0",
				"json-schema-traverse": "^0.4.1",
				"uri-js": "^4.2.2"
			},
			"funding": {
				"type": "github",
				"url": "https://github.com/sponsors/epoberezkin"
			}
		},
		"node_modules/eslint/node_modules/eslint-visitor-keys": {
			"version": "5.0.1",
			"resolved": "https://pkgs.dev.azure.com/dnceng/public/_packaging/dotnet-public-npm/npm/registry/eslint-visitor-keys/-/eslint-visitor-keys-5.0.1.tgz",
			"integrity": "sha1-njyUiWl4JNLUzjqK0SYo+R6fWb4=",
			"dev": true,
			"license": "Apache-2.0",
			"engines": {
				"node": "^20.19.0 || ^22.13.0 || >=24"
			},
			"funding": {
				"url": "https://opencollective.com/eslint"
			}
		},
		"node_modules/eslint/node_modules/ignore": {
			"version": "5.3.2",
			"resolved": "https://pkgs.dev.azure.com/dnceng/public/_packaging/dotnet-public-npm/npm/registry/ignore/-/ignore-5.3.2.tgz",
			"integrity": "sha1-PNQOcp82Q/2HywTlC/DrcivFlvU=",
			"dev": true,
			"license": "MIT",
			"engines": {
				"node": ">= 4"
			}
		},
		"node_modules/eslint/node_modules/json-schema-traverse": {
			"version": "0.4.1",
			"resolved": "https://pkgs.dev.azure.com/dnceng/public/_packaging/dotnet-public-npm/npm/registry/json-schema-traverse/-/json-schema-traverse-0.4.1.tgz",
			"integrity": "sha1-afaofZUTq4u4/mO9sJecRI5oRmA=",
			"dev": true,
			"license": "MIT"
		},
		"node_modules/espree": {
			"version": "11.2.0",
			"resolved": "https://pkgs.dev.azure.com/dnceng/public/_packaging/dotnet-public-npm/npm/registry/espree/-/espree-11.2.0.tgz",
			"integrity": "sha1-AdXkfcMyqrowWQCDYkVKjMNMyqU=",
			"dev": true,
			"license": "BSD-2-Clause",
			"dependencies": {
				"acorn": "^8.16.0",
				"acorn-jsx": "^5.3.2",
				"eslint-visitor-keys": "^5.0.1"
			},
			"engines": {
				"node": "^20.19.0 || ^22.13.0 || >=24"
			},
			"funding": {
				"url": "https://opencollective.com/eslint"
			}
		},
		"node_modules/espree/node_modules/eslint-visitor-keys": {
			"version": "5.0.1",
			"resolved": "https://pkgs.dev.azure.com/dnceng/public/_packaging/dotnet-public-npm/npm/registry/eslint-visitor-keys/-/eslint-visitor-keys-5.0.1.tgz",
			"integrity": "sha1-njyUiWl4JNLUzjqK0SYo+R6fWb4=",
			"dev": true,
			"license": "Apache-2.0",
			"engines": {
				"node": "^20.19.0 || ^22.13.0 || >=24"
			},
			"funding": {
				"url": "https://opencollective.com/eslint"
			}
		},
		"node_modules/esquery": {
			"version": "1.7.0",
			"resolved": "https://pkgs.dev.azure.com/dnceng/public/_packaging/dotnet-public-npm/npm/registry/esquery/-/esquery-1.7.0.tgz",
			"integrity": "sha1-CNBI8mHw3e21uulfRoCUY9nJSW0=",
			"dev": true,
			"license": "BSD-3-Clause",
			"dependencies": {
				"estraverse": "^5.1.0"
			},
			"engines": {
				"node": ">=0.10"
			}
		},
		"node_modules/esrecurse": {
			"version": "4.3.0",
			"resolved": "https://pkgs.dev.azure.com/dnceng/public/_packaging/dotnet-public-npm/npm/registry/esrecurse/-/esrecurse-4.3.0.tgz",
			"integrity": "sha1-eteWTWeauyi+5yzsY3WLHF0smSE=",
			"dev": true,
			"license": "BSD-2-Clause",
			"dependencies": {
				"estraverse": "^5.2.0"
			},
			"engines": {
				"node": ">=4.0"
			}
		},
		"node_modules/estraverse": {
			"version": "5.3.0",
			"resolved": "https://pkgs.dev.azure.com/dnceng/public/_packaging/dotnet-public-npm/npm/registry/estraverse/-/estraverse-5.3.0.tgz",
			"integrity": "sha1-LupSkHAvJquP5TcDcP+GyWXSESM=",
			"dev": true,
			"license": "BSD-2-Clause",
			"engines": {
				"node": ">=4.0"
			}
		},
		"node_modules/esutils": {
			"version": "2.0.3",
			"resolved": "https://pkgs.dev.azure.com/dnceng/public/_packaging/dotnet-public-npm/npm/registry/esutils/-/esutils-2.0.3.tgz",
			"integrity": "sha1-dNLrTeC42hKTcRkQ1Qd1ubcQ72Q=",
			"dev": true,
			"license": "BSD-2-Clause",
			"engines": {
				"node": ">=0.10.0"
			}
		},
		"node_modules/fast-deep-equal": {
			"version": "3.1.3",
			"resolved": "https://pkgs.dev.azure.com/dnceng/public/_packaging/dotnet-public-npm/npm/registry/fast-deep-equal/-/fast-deep-equal-3.1.3.tgz",
			"integrity": "sha1-On1WtVnWy8PrUSMlJE5hmmXGxSU=",
			"dev": true,
			"license": "MIT"
		},
		"node_modules/fast-json-stable-stringify": {
			"version": "2.1.0",
			"resolved": "https://pkgs.dev.azure.com/dnceng/public/_packaging/dotnet-public-npm/npm/registry/fast-json-stable-stringify/-/fast-json-stable-stringify-2.1.0.tgz",
			"integrity": "sha1-h0v2nG9ATCtdmcSBNBOZ/VWJJjM=",
			"dev": true,
			"license": "MIT"
		},
		"node_modules/fast-levenshtein": {
			"version": "2.0.6",
			"resolved": "https://pkgs.dev.azure.com/dnceng/public/_packaging/dotnet-public-npm/npm/registry/fast-levenshtein/-/fast-levenshtein-2.0.6.tgz",
			"integrity": "sha1-PYpcZog6FqMMqGQ+hR8Zuqd5eRc=",
			"dev": true,
			"license": "MIT"
		},
		"node_modules/file-entry-cache": {
			"version": "8.0.0",
			"resolved": "https://pkgs.dev.azure.com/dnceng/public/_packaging/dotnet-public-npm/npm/registry/file-entry-cache/-/file-entry-cache-8.0.0.tgz",
			"integrity": "sha1-d4e93PETG/+5JjbGlFe7wO3W2B8=",
			"dev": true,
			"license": "MIT",
			"dependencies": {
				"flat-cache": "^4.0.0"
			},
			"engines": {
				"node": ">=16.0.0"
			}
		},
		"node_modules/find-up": {
			"version": "5.0.0",
			"resolved": "https://pkgs.dev.azure.com/dnceng/public/_packaging/dotnet-public-npm/npm/registry/find-up/-/find-up-5.0.0.tgz",
			"integrity": "sha1-TJKBnstwg1YeT0okCoa+UZj1Nvw=",
			"dev": true,
			"license": "MIT",
			"dependencies": {
				"locate-path": "^6.0.0",
				"path-exists": "^4.0.0"
			},
			"engines": {
				"node": ">=10"
			},
			"funding": {
				"url": "https://github.com/sponsors/sindresorhus"
			}
		},
		"node_modules/flat-cache": {
			"version": "4.0.1",
			"resolved": "https://pkgs.dev.azure.com/dnceng/public/_packaging/dotnet-public-npm/npm/registry/flat-cache/-/flat-cache-4.0.1.tgz",
			"integrity": "sha1-Ds45/LFO4BL0sEEL0z3ZwfAREnw=",
			"dev": true,
			"license": "MIT",
			"dependencies": {
				"flatted": "^3.2.9",
				"keyv": "^4.5.4"
			},
			"engines": {
				"node": ">=16"
			}
		},
		"node_modules/flatted": {
			"version": "3.4.4",
			"resolved": "https://pkgs.dev.azure.com/dnceng/public/_packaging/dotnet-public-npm/npm/registry/flatted/-/flatted-3.4.4.tgz",
			"integrity": "sha1-ruyipQYwPwzuYcWebJ8qiNLyn8Y=",
			"dev": true,
			"license": "ISC"
		},
		"node_modules/glob-parent": {
			"version": "6.0.2",
			"resolved": "https://pkgs.dev.azure.com/dnceng/public/_packaging/dotnet-public-npm/npm/registry/glob-parent/-/glob-parent-6.0.2.tgz",
			"integrity": "sha1-bSN9mQg5UMeSkPJMdkKj3poo+eM=",
			"dev": true,
			"license": "ISC",
			"dependencies": {
				"is-glob": "^4.0.3"
			},
			"engines": {
				"node": ">=10.13.0"
			}
		},
		"node_modules/globals": {
			"version": "17.11.0",
			"resolved": "https://pkgs.dev.azure.com/dnceng/public/_packaging/dotnet-public-npm/npm/registry/globals/-/globals-17.11.0.tgz",
			"integrity": "sha1-1kNIW7MCINd1HlEc9PaMc9OHDYc=",
			"dev": true,
			"license": "MIT",
			"engines": {
				"node": ">=18"
			},
			"funding": {
				"url": "https://github.com/sponsors/sindresorhus"
			}
		},
		"node_modules/html-entities": {
			"version": "2.6.0",
			"resolved": "https://pkgs.dev.azure.com/dnceng/public/_packaging/dotnet-public-npm/npm/registry/html-entities/-/html-entities-2.6.0.tgz",
			"integrity": "sha1-fGTx6js2gYzK49P7SLaXQgjphPg=",
			"dev": true,
			"funding": [
				{
					"type": "github",
					"url": "https://github.com/sponsors/mdevils"
				},
				{
					"type": "patreon",
					"url": "https://patreon.com/mdevils"
				}
			],
			"license": "MIT"
		},
		"node_modules/ignore": {
			"version": "7.0.6",
			"resolved": "https://pkgs.dev.azure.com/dnceng/public/_packaging/dotnet-public-npm/npm/registry/ignore/-/ignore-7.0.6.tgz",
			"integrity": "sha1-aleq70yQ3yesNZCHXSno8RmIyI4=",
			"dev": true,
			"license": "MIT",
			"engines": {
				"node": ">= 4"
			}
		},
		"node_modules/imurmurhash": {
			"version": "0.1.4",
			"resolved": "https://pkgs.dev.azure.com/dnceng/public/_packaging/dotnet-public-npm/npm/registry/imurmurhash/-/imurmurhash-0.1.4.tgz",
			"integrity": "sha1-khi5srkoojixPcT7a21XbyMUU+o=",
			"dev": true,
			"license": "MIT",
			"engines": {
				"node": ">=0.8.19"
			}
		},
		"node_modules/is-extglob": {
			"version": "2.1.1",
			"resolved": "https://pkgs.dev.azure.com/dnceng/public/_packaging/dotnet-public-npm/npm/registry/is-extglob/-/is-extglob-2.1.1.tgz",
			"integrity": "sha1-qIwCU1eR8C7TfHahueqXc8gz+MI=",
			"dev": true,
			"license": "MIT",
			"engines": {
				"node": ">=0.10.0"
			}
		},
		"node_modules/is-glob": {
			"version": "4.0.3",
			"resolved": "https://pkgs.dev.azure.com/dnceng/public/_packaging/dotnet-public-npm/npm/registry/is-glob/-/is-glob-4.0.3.tgz",
			"integrity": "sha1-ZPYeQsu7LuwgcanawLKLoeZdUIQ=",
			"dev": true,
			"license": "MIT",
			"dependencies": {
				"is-extglob": "^2.1.1"
			},
			"engines": {
				"node": ">=0.10.0"
			}
		},
		"node_modules/isexe": {
			"version": "2.0.0",
			"resolved": "https://pkgs.dev.azure.com/dnceng/public/_packaging/dotnet-public-npm/npm/registry/isexe/-/isexe-2.0.0.tgz",
			"integrity": "sha1-6PvzdNxVb/iUehDcsFctYz8s+hA=",
			"dev": true,
			"license": "ISC"
		},
		"node_modules/jsdoc-type-pratt-parser": {
			"version": "7.2.0",
			"resolved": "https://pkgs.dev.azure.com/dnceng/public/_packaging/dotnet-public-npm/npm/registry/jsdoc-type-pratt-parser/-/jsdoc-type-pratt-parser-7.2.0.tgz",
			"integrity": "sha1-CinCe9TgHoXkYXYl4055e+FIaps=",
			"dev": true,
			"license": "MIT",
			"engines": {
				"node": ">=20.0.0"
			}
		},
		"node_modules/json-buffer": {
			"version": "3.0.1",
			"resolved": "https://pkgs.dev.azure.com/dnceng/public/_packaging/dotnet-public-npm/npm/registry/json-buffer/-/json-buffer-3.0.1.tgz",
			"integrity": "sha1-kziAKjDTtmBfvgYT4JQAjKjAWhM=",
			"dev": true,
			"license": "MIT"
		},
		"node_modules/json-stable-stringify-without-jsonify": {
			"version": "1.0.1",
			"resolved": "https://pkgs.dev.azure.com/dnceng/public/_packaging/dotnet-public-npm/npm/registry/json-stable-stringify-without-jsonify/-/json-stable-stringify-without-jsonify-1.0.1.tgz",
			"integrity": "sha1-nbe1lJatPzz+8wp1FC0tkwrXJlE=",
			"dev": true,
			"license": "MIT"
		},
		"node_modules/keyv": {
			"version": "4.5.4",
			"resolved": "https://pkgs.dev.azure.com/dnceng/public/_packaging/dotnet-public-npm/npm/registry/keyv/-/keyv-4.5.4.tgz",
			"integrity": "sha1-qHmpnilFL5QkOfKkBeOvizHU3pM=",
			"dev": true,
			"license": "MIT",
			"dependencies": {
				"json-buffer": "3.0.1"
			}
		},
		"node_modules/levn": {
			"version": "0.4.1",
			"resolved": "https://pkgs.dev.azure.com/dnceng/public/_packaging/dotnet-public-npm/npm/registry/levn/-/levn-0.4.1.tgz",
			"integrity": "sha1-rkViwAdHO5MqYgDUAyaN0v/8at4=",
			"dev": true,
			"license": "MIT",
			"dependencies": {
				"prelude-ls": "^1.2.1",
				"type-check": "~0.4.0"
			},
			"engines": {
				"node": ">= 0.8.0"
			}
		},
		"node_modules/locate-path": {
			"version": "6.0.0",
			"resolved": "https://pkgs.dev.azure.com/dnceng/public/_packaging/dotnet-public-npm/npm/registry/locate-path/-/locate-path-6.0.0.tgz",
			"integrity": "sha1-VTIeswn+u8WcSAHZMackUqaB0oY=",
			"dev": true,
			"license": "MIT",
			"dependencies": {
				"p-locate": "^5.0.0"
			},
			"engines": {
				"node": ">=10"
			},
			"funding": {
				"url": "https://github.com/sponsors/sindresorhus"
			}
		},
		"node_modules/minimatch": {
			"version": "10.2.6",
			"resolved": "https://pkgs.dev.azure.com/dnceng/public/_packaging/dotnet-public-npm/npm/registry/minimatch/-/minimatch-10.2.6.tgz",
			"integrity": "sha1-/ZVrvgt3JB6fFaxdzLHGOAYJaO8=",
			"dev": true,
			"license": "BlueOak-1.0.0",
			"dependencies": {
				"brace-expansion": "^5.0.8"
			},
			"engines": {
				"node": "18 || 20 || >=22"
			},
			"funding": {
				"url": "https://github.com/sponsors/isaacs"
			}
		},
		"node_modules/ms": {
			"version": "2.1.3",
			"resolved": "https://pkgs.dev.azure.com/dnceng/public/_packaging/dotnet-public-npm/npm/registry/ms/-/ms-2.1.3.tgz",
			"integrity": "sha1-V0yBOM4dK1hh8LRFedut1gxmFbI=",
			"dev": true,
			"license": "MIT"
		},
		"node_modules/natural-compare": {
			"version": "1.4.0",
			"resolved": "https://pkgs.dev.azure.com/dnceng/public/_packaging/dotnet-public-npm/npm/registry/natural-compare/-/natural-compare-1.4.0.tgz",
			"integrity": "sha1-Sr6/7tdUHywnrPspvbvRXI1bpPc=",
			"dev": true,
			"license": "MIT"
		},
		"node_modules/object-deep-merge": {
			"version": "2.0.1",
			"resolved": "https://pkgs.dev.azure.com/dnceng/public/_packaging/dotnet-public-npm/npm/registry/object-deep-merge/-/object-deep-merge-2.0.1.tgz",
			"integrity": "sha1-uUN+p3KvGNu4DsH9Bk8E6defA9Y=",
			"dev": true,
			"license": "MIT"
		},
		"node_modules/optionator": {
			"version": "0.9.4",
			"resolved": "https://pkgs.dev.azure.com/dnceng/public/_packaging/dotnet-public-npm/npm/registry/optionator/-/optionator-0.9.4.tgz",
			"integrity": "sha1-fqHBpdkddk+yghOciP4R4YKjpzQ=",
			"dev": true,
			"license": "MIT",
			"dependencies": {
				"deep-is": "^0.1.3",
				"fast-levenshtein": "^2.0.6",
				"levn": "^0.4.1",
				"prelude-ls": "^1.2.1",
				"type-check": "^0.4.0",
				"word-wrap": "^1.2.5"
			},
			"engines": {
				"node": ">= 0.8.0"
			}
		},
		"node_modules/p-limit": {
			"version": "3.1.0",
			"resolved": "https://pkgs.dev.azure.com/dnceng/public/_packaging/dotnet-public-npm/npm/registry/p-limit/-/p-limit-3.1.0.tgz",
			"integrity": "sha1-4drMvnjQ0TiMoYxk/qOOPlfjcGs=",
			"dev": true,
			"license": "MIT",
			"dependencies": {
				"yocto-queue": "^0.1.0"
			},
			"engines": {
				"node": ">=10"
			},
			"funding": {
				"url": "https://github.com/sponsors/sindresorhus"
			}
		},
		"node_modules/p-locate": {
			"version": "5.0.0",
			"resolved": "https://pkgs.dev.azure.com/dnceng/public/_packaging/dotnet-public-npm/npm/registry/p-locate/-/p-locate-5.0.0.tgz",
			"integrity": "sha1-g8gxXGeFAF470CGDlBHJ4RDm2DQ=",
			"dev": true,
			"license": "MIT",
			"dependencies": {
				"p-limit": "^3.0.2"
			},
			"engines": {
				"node": ">=10"
			},
			"funding": {
				"url": "https://github.com/sponsors/sindresorhus"
			}
		},
		"node_modules/parse-imports-exports": {
			"version": "0.2.4",
			"resolved": "https://pkgs.dev.azure.com/dnceng/public/_packaging/dotnet-public-npm/npm/registry/parse-imports-exports/-/parse-imports-exports-0.2.4.tgz",
			"integrity": "sha1-4/s7XiZM+1XCW138vn9BD43E568=",
			"dev": true,
			"license": "MIT",
			"dependencies": {
				"parse-statements": "1.0.11"
			}
		},
		"node_modules/parse-statements": {
			"version": "1.0.11",
			"resolved": "https://pkgs.dev.azure.com/dnceng/public/_packaging/dotnet-public-npm/npm/registry/parse-statements/-/parse-statements-1.0.11.tgz",
			"integrity": "sha1-h4fF04OuV0ZWhXFhS+crBolYQ0Q=",
			"dev": true,
			"license": "MIT"
		},
		"node_modules/path-exists": {
			"version": "4.0.0",
			"resolved": "https://pkgs.dev.azure.com/dnceng/public/_packaging/dotnet-public-npm/npm/registry/path-exists/-/path-exists-4.0.0.tgz",
			"integrity": "sha1-UTvb4tO5XXdi6METfvoZXGxhtbM=",
			"dev": true,
			"license": "MIT",
			"engines": {
				"node": ">=8"
			}
		},
		"node_modules/path-key": {
			"version": "3.1.1",
			"resolved": "https://pkgs.dev.azure.com/dnceng/public/_packaging/dotnet-public-npm/npm/registry/path-key/-/path-key-3.1.1.tgz",
			"integrity": "sha1-WB9q3mWMu6ZaDTOA3ndTKVBU83U=",
			"dev": true,
			"license": "MIT",
			"engines": {
				"node": ">=8"
			}
		},
		"node_modules/prelude-ls": {
			"version": "1.2.1",
			"resolved": "https://pkgs.dev.azure.com/dnceng/public/_packaging/dotnet-public-npm/npm/registry/prelude-ls/-/prelude-ls-1.2.1.tgz",
			"integrity": "sha1-3rxkidem5rDnYRiIzsiAM30xY5Y=",
			"dev": true,
			"license": "MIT",
			"engines": {
				"node": ">= 0.8.0"
			}
		},
		"node_modules/punycode": {
			"version": "2.3.1",
			"resolved": "https://pkgs.dev.azure.com/dnceng/public/_packaging/dotnet-public-npm/npm/registry/punycode/-/punycode-2.3.1.tgz",
			"integrity": "sha1-AnQi4vrsCyXhVJw+G9gwm5EztuU=",
			"dev": true,
			"license": "MIT",
			"engines": {
				"node": ">=6"
			}
		},
		"node_modules/reserved-identifiers": {
			"version": "1.2.0",
			"resolved": "https://pkgs.dev.azure.com/dnceng/public/_packaging/dotnet-public-npm/npm/registry/reserved-identifiers/-/reserved-identifiers-1.2.0.tgz",
			"integrity": "sha1-0pgs1pjjF909ztHuHFJBLb1k/GQ=",
			"dev": true,
			"license": "MIT",
			"engines": {
				"node": ">=18"
			},
			"funding": {
				"url": "https://github.com/sponsors/sindresorhus"
			}
		},
		"node_modules/semver": {
			"version": "7.8.5",
			"resolved": "https://pkgs.dev.azure.com/dnceng/public/_packaging/dotnet-public-npm/npm/registry/semver/-/semver-7.8.5.tgz",
			"integrity": "sha1-ObZGA33VDBT7RR5+TKxY7YuGP2k=",
			"dev": true,
			"license": "ISC",
			"bin": {
				"semver": "bin/semver.js"
			},
			"engines": {
				"node": ">=10"
			}
		},
		"node_modules/shebang-command": {
			"version": "2.0.0",
			"resolved": "https://pkgs.dev.azure.com/dnceng/public/_packaging/dotnet-public-npm/npm/registry/shebang-command/-/shebang-command-2.0.0.tgz",
			"integrity": "sha1-zNCvT4g1+9wmW4JGGq8MNmY/NOo=",
			"dev": true,
			"license": "MIT",
			"dependencies": {
				"shebang-regex": "^3.0.0"
			},
			"engines": {
				"node": ">=8"
			}
		},
		"node_modules/shebang-regex": {
			"version": "3.0.0",
			"resolved": "https://pkgs.dev.azure.com/dnceng/public/_packaging/dotnet-public-npm/npm/registry/shebang-regex/-/shebang-regex-3.0.0.tgz",
			"integrity": "sha1-rhbxZE2HPsrYQ7AwexQzYtTEIXI=",
			"dev": true,
			"license": "MIT",
			"engines": {
				"node": ">=8"
			}
		},
		"node_modules/spdx-exceptions": {
			"version": "2.5.0",
			"resolved": "https://pkgs.dev.azure.com/dnceng/public/_packaging/dotnet-public-npm/npm/registry/spdx-exceptions/-/spdx-exceptions-2.5.0.tgz",
			"integrity": "sha1-XWB9J/yAb2bXtkp2ZlD6iQ8E7WY=",
			"dev": true,
			"license": "CC-BY-3.0"
		},
		"node_modules/spdx-expression-parse": {
			"version": "4.0.0",
			"resolved": "https://pkgs.dev.azure.com/dnceng/public/_packaging/dotnet-public-npm/npm/registry/spdx-expression-parse/-/spdx-expression-parse-4.0.0.tgz",
			"integrity": "sha1-ojr58xMhFUZdrCFcCZMD5M6sV5Q=",
			"dev": true,
			"license": "MIT",
			"dependencies": {
				"spdx-exceptions": "^2.1.0",
				"spdx-license-ids": "^3.0.0"
			}
		},
		"node_modules/spdx-license-ids": {
			"version": "3.0.23",
			"resolved": "https://pkgs.dev.azure.com/dnceng/public/_packaging/dotnet-public-npm/npm/registry/spdx-license-ids/-/spdx-license-ids-3.0.23.tgz",
			"integrity": "sha1-sGnmh7EpGjLxJok+12onp0XuITM=",
			"dev": true,
			"license": "CC0-1.0"
		},
		"node_modules/tinyglobby": {
			"version": "0.2.17",
			"resolved": "https://pkgs.dev.azure.com/dnceng/public/_packaging/dotnet-public-npm/npm/registry/tinyglobby/-/tinyglobby-0.2.17.tgz",
			"integrity": "sha1-ViqabJ6ys7Ej05cZ+a9btE/NdjE=",
			"dev": true,
			"license": "MIT",
			"dependencies": {
				"fdir": "^6.5.0",
				"picomatch": "^4.0.4"
			},
			"engines": {
				"node": ">=12.0.0"
			},
			"funding": {
				"url": "https://github.com/sponsors/SuperchupuDev"
			}
		},
		"node_modules/tinyglobby/node_modules/fdir": {
			"version": "6.5.0",
			"resolved": "https://pkgs.dev.azure.com/dnceng/public/_packaging/dotnet-public-npm/npm/registry/fdir/-/fdir-6.5.0.tgz",
			"integrity": "sha1-7Sq5Z6MxreYvGNB32uGSaE1Q01A=",
			"dev": true,
			"license": "MIT",
			"engines": {
				"node": ">=12.0.0"
			},
			"peerDependencies": {
				"picomatch": "^3 || ^4"
			},
			"peerDependenciesMeta": {
				"picomatch": {
					"optional": true
				}
			}
		},
		"node_modules/tinyglobby/node_modules/picomatch": {
			"version": "4.0.7",
			"resolved": "https://pkgs.dev.azure.com/dnceng/public/_packaging/dotnet-public-npm/npm/registry/picomatch/-/picomatch-4.0.7.tgz",
			"integrity": "sha1-YxM2ADTMs2s9xh7L3/eBIfkP4h8=",
			"dev": true,
			"license": "MIT",
			"engines": {
				"node": ">=12"
			},
			"funding": {
				"url": "https://github.com/sponsors/jonschlinkert"
			}
		},
		"node_modules/to-valid-identifier": {
			"version": "1.0.0",
			"resolved": "https://pkgs.dev.azure.com/dnceng/public/_packaging/dotnet-public-npm/npm/registry/to-valid-identifier/-/to-valid-identifier-1.0.0.tgz",
			"integrity": "sha1-JzN5VTM8PFF/62C+pTPPJ85Ut58=",
			"dev": true,
			"license": "MIT",
			"dependencies": {
				"@sindresorhus/base62": "^1.0.0",
				"reserved-identifiers": "^1.0.0"
			},
			"engines": {
				"node": ">=20"
			},
			"funding": {
				"url": "https://github.com/sponsors/sindresorhus"
			}
		},
		"node_modules/ts-api-utils": {
			"version": "2.5.0",
			"resolved": "https://pkgs.dev.azure.com/dnceng/public/_packaging/dotnet-public-npm/npm/registry/ts-api-utils/-/ts-api-utils-2.5.0.tgz",
			"integrity": "sha1-Ss1KFV4ic0mQpe0f6el/ETvLN8E=",
			"dev": true,
			"license": "MIT",
			"engines": {
				"node": ">=18.12"
			},
			"peerDependencies": {
				"typescript": ">=4.8.4"
			}
		},
		"node_modules/type-check": {
			"version": "0.4.0",
			"resolved": "https://pkgs.dev.azure.com/dnceng/public/_packaging/dotnet-public-npm/npm/registry/type-check/-/type-check-0.4.0.tgz",
			"integrity": "sha1-B7ggO/pwVsBlcFDjzNLDdzC6uPE=",
			"dev": true,
			"license": "MIT",
			"dependencies": {
				"prelude-ls": "^1.2.1"
			},
			"engines": {
				"node": ">= 0.8.0"
			}
		},
		"node_modules/typescript": {
			"version": "5.9.3",
			"resolved": "https://pkgs.dev.azure.com/dnceng/public/_packaging/dotnet-public-npm/npm/registry/typescript/-/typescript-5.9.3.tgz",
			"integrity": "sha1-W09Z4VMQqxeiFvXWz1PuR27eZw8=",
			"dev": true,
			"license": "Apache-2.0",
			"bin": {
				"tsc": "bin/tsc",
				"tsserver": "bin/tsserver"
			},
			"engines": {
				"node": ">=14.17"
			}
		},
		"node_modules/typescript-eslint": {
			"version": "8.68.0",
			"resolved": "https://pkgs.dev.azure.com/dnceng/public/_packaging/dotnet-public-npm/npm/registry/typescript-eslint/-/typescript-eslint-8.68.0.tgz",
			"integrity": "sha1-wqvYeLp/nxJIpYBgpyY0LDNXs6A=",
			"dev": true,
			"license": "MIT",
			"dependencies": {
				"@typescript-eslint/eslint-plugin": "8.68.0",
				"@typescript-eslint/parser": "8.68.0",
				"@typescript-eslint/typescript-estree": "8.68.0",
				"@typescript-eslint/utils": "8.68.0"
			},
			"engines": {
				"node": "^18.18.0 || ^20.9.0 || >=21.1.0"
			},
			"funding": {
				"type": "opencollective",
				"url": "https://opencollective.com/typescript-eslint"
			},
			"peerDependencies": {
				"eslint": "^8.57.0 || ^9.0.0 || ^10.0.0",
				"typescript": ">=4.8.4 <6.1.0"
			}
		},
		"node_modules/uri-js": {
			"version": "4.4.1",
			"resolved": "https://pkgs.dev.azure.com/dnceng/public/_packaging/dotnet-public-npm/npm/registry/uri-js/-/uri-js-4.4.1.tgz",
			"integrity": "sha1-mxpSWVIlhZ5V9mnZKPiMbFfyp34=",
			"dev": true,
			"license": "BSD-2-Clause",
			"dependencies": {
				"punycode": "^2.1.0"
			}
		},
		"node_modules/which": {
			"version": "2.0.2",
			"resolved": "https://pkgs.dev.azure.com/dnceng/public/_packaging/dotnet-public-npm/npm/registry/which/-/which-2.0.2.tgz",
			"integrity": "sha1-fGqN0KY2oDJ+ELWckobu6T8/UbE=",
			"dev": true,
			"license": "ISC",
			"dependencies": {
				"isexe": "^2.0.0"
			},
			"bin": {
				"node-which": "bin/node-which"
			},
			"engines": {
				"node": ">= 8"
			}
		},
		"node_modules/word-wrap": {
			"version": "1.2.5",
			"resolved": "https://pkgs.dev.azure.com/dnceng/public/_packaging/dotnet-public-npm/npm/registry/word-wrap/-/word-wrap-1.2.5.tgz",
			"integrity": "sha1-0sRcbdT7zmIaZvE2y+Mor9BBCzQ=",
			"dev": true,
			"license": "MIT",
			"engines": {
				"node": ">=0.10.0"
			}
		},
		"node_modules/yocto-queue": {
			"version": "0.1.0",
			"resolved": "https://pkgs.dev.azure.com/dnceng/public/_packaging/dotnet-public-npm/npm/registry/yocto-queue/-/yocto-queue-0.1.0.tgz",
			"integrity": "sha1-ApTrPe4FAo0x7hpfosVWpqrxChs=",
			"dev": true,
			"license": "MIT",
			"engines": {
				"node": ">=10"
			},
			"funding": {
				"url": "https://github.com/sponsors/sindresorhus"
			}
		}
	}
}
