{
	"name": "vscode-dotnet-runtime",
	"lockfileVersion": 2,
	"requires": true,
	"packages": {
		"": {
			"name": "vscode-dotnet-runtime",
			"license": "MIT",
			"dependencies": {
				"pnpm": "^7.13.2"
			}
		},
		"node_modules/pnpm": {
			"version": "7.13.2",
			"resolved": "https://pkgs.dev.azure.com/dnceng/public/_packaging/dotnet-public-npm/npm/registry/pnpm/-/pnpm-7.13.2.tgz",
			"integrity": "sha1-s4hkXdw/wW+uxYCbBlOhKBhxrtM=",
			"license": "MIT",
			"bin": {
				"pnpm": "bin/pnpm.cjs",
				"pnpx": "bin/pnpx.cjs"
			},
			"engines": {
				"node": ">=14.6"
			},
			"funding": {
				"url": "https://opencollective.com/pnpm"
			}
		}
	},
	"dependencies": {
		"pnpm": {
			"version": "7.13.2",
			"resolved": "https://pkgs.dev.azure.com/dnceng/public/_packaging/dotnet-public-npm/npm/registry/pnpm/-/pnpm-7.13.2.tgz",
			"integrity": "sha1-s4hkXdw/wW+uxYCbBlOhKBhxrtM="
		}
	}
}
