# THIS IS AN AUTOGENERATED FILE. DO NOT EDIT THIS FILE DIRECTLY.
# yarn lockfile v1


ansi-styles@^3.2.1:
  version "3.2.1"
  resolved "https://pkgs.dev.azure.com/dnceng/public/_packaging/dotnet-public-npm/npm/registry/ansi-styles/-/ansi-styles-3.2.1.tgz#41fbb20243e50b12be0f04b8dedbf07520ce841d"
  integrity sha1-QfuyAkPlCxK+DwS43tvwdSDOhB0=
  dependencies:
    color-convert "^1.9.0"

argparse@^2.0.1:
  version "2.0.1"
  resolved "https://pkgs.dev.azure.com/dnceng/public/_packaging/dotnet-public-npm/npm/registry/argparse/-/argparse-2.0.1.tgz#246f50f3ca78a3240f6c997e8a9bd1eac49e4b38"
  integrity sha1-JG9Q88p4oyQPbJl+ipvR6sSeSzg=

azure-devops-node-api@^11.0.1:
  version "11.2.0"
  resolved "https://pkgs.dev.azure.com/dnceng/public/_packaging/dotnet-public-npm/npm/registry/azure-devops-node-api/-/azure-devops-node-api-11.2.0.tgz#bf04edbef60313117a0507415eed4790a420ad6b"
  integrity sha1-vwTtvvYDExF6BQdBXu1HkKQgrWs=
  dependencies:
    tunnel "0.0.6"
    typed-rest-client "^1.8.4"

balanced-match@^1.0.0:
  version "1.0.2"
  resolved "https://pkgs.dev.azure.com/dnceng/public/_packaging/dotnet-public-npm/npm/registry/balanced-match/-/balanced-match-1.0.2.tgz#e83e3a7e3f300b34cb9d87f615fa0cbf357690ee"
  integrity sha1-6D46fj8wCzTLnYf2FfoMvzV2kO4=

base64-js@^1.3.1:
  version "1.5.1"
  resolved "https://pkgs.dev.azure.com/dnceng/public/_packaging/dotnet-public-npm/npm/registry/base64-js/-/base64-js-1.5.1.tgz#1b1b440160a5bf7ad40b650f095963481903930a"
  integrity sha1-GxtEAWClv3rUC2UPCVljSBkDkwo=

bl@^4.0.3:
  version "4.1.0"
  resolved "https://pkgs.dev.azure.com/dnceng/public/_packaging/dotnet-public-npm/npm/registry/bl/-/bl-4.1.0.tgz#451535264182bec2fbbc83a62ab98cf11d9f7b3a"
  integrity sha1-RRU1JkGCvsL7vIOmKrmM8R2fezo=
  dependencies:
    buffer "^5.5.0"
    inherits "^2.0.4"
    readable-stream "^3.4.0"

boolbase@^1.0.0:
  version "1.0.0"
  resolved "https://pkgs.dev.azure.com/dnceng/public/_packaging/dotnet-public-npm/npm/registry/boolbase/-/boolbase-1.0.0.tgz#68dff5fbe60c51eb37725ea9e3ed310dcc1e776e"
  integrity sha1-aN/1++YMUes3cl6p4+0xDcwed24=

brace-expansion@^1.1.7:
  version "1.1.11"
  resolved "https://pkgs.dev.azure.com/dnceng/public/_packaging/dotnet-public-npm/npm/registry/brace-expansion/-/brace-expansion-1.1.11.tgz#3c7fcbf529d87226f3d2f52b966ff5271eb441dd"
  integrity sha1-PH/L9SnYcibz0vUrlm/1Jx60Qd0=
  dependencies:
    balanced-match "^1.0.0"
    concat-map "0.0.1"

buffer-crc32@~0.2.3:
  version "0.2.13"
  resolved "https://pkgs.dev.azure.com/dnceng/public/_packaging/dotnet-public-npm/npm/registry/buffer-crc32/-/buffer-crc32-0.2.13.tgz#0d333e3f00eac50aa1454abd30ef8c2a5d9a7242"
  integrity sha1-DTM+PwDqxQqhRUq9MO+MKl2ackI=

buffer@^5.5.0:
  version "5.7.1"
  resolved "https://pkgs.dev.azure.com/dnceng/public/_packaging/dotnet-public-npm/npm/registry/buffer/-/buffer-5.7.1.tgz#ba62e7c13133053582197160851a8f648e99eed0"
  integrity sha1-umLnwTEzBTWCGXFghRqPZI6Z7tA=
  dependencies:
    base64-js "^1.3.1"
    ieee754 "^1.1.13"

call-bind@^1.0.0:
  version "1.0.2"
  resolved "https://pkgs.dev.azure.com/dnceng/public/_packaging/dotnet-public-npm/npm/registry/call-bind/-/call-bind-1.0.2.tgz#b1d4e89e688119c3c9a903ad30abb2f6a919be3c"
  integrity sha1-sdTonmiBGcPJqQOtMKuy9qkZvjw=
  dependencies:
    function-bind "^1.1.1"
    get-intrinsic "^1.0.2"

chalk@^2.4.2:
  version "2.4.2"
  resolved "https://pkgs.dev.azure.com/dnceng/public/_packaging/dotnet-public-npm/npm/registry/chalk/-/chalk-2.4.2.tgz#cd42541677a54333cf541a49108c1432b44c9424"
  integrity sha1-zUJUFnelQzPPVBpJEIwUMrRMlCQ=
  dependencies:
    ansi-styles "^3.2.1"
    escape-string-regexp "^1.0.5"
    supports-color "^5.3.0"

cheerio-select@^2.1.0:
  version "2.1.0"
  resolved "https://pkgs.dev.azure.com/dnceng/public/_packaging/dotnet-public-npm/npm/registry/cheerio-select/-/cheerio-select-2.1.0.tgz#4d8673286b8126ca2a8e42740d5e3c4884ae21b4"
  integrity sha1-TYZzKGuBJsoqjkJ0DV48SISuIbQ=
  dependencies:
    boolbase "^1.0.0"
    css-select "^5.1.0"
    css-what "^6.1.0"
    domelementtype "^2.3.0"
    domhandler "^5.0.3"
    domutils "^3.0.1"

cheerio@^1.0.0-rc.9:
  version "1.0.0-rc.12"
  resolved "https://pkgs.dev.azure.com/dnceng/public/_packaging/dotnet-public-npm/npm/registry/cheerio/-/cheerio-1.0.0-rc.12.tgz#788bf7466506b1c6bf5fae51d24a2c4d62e47683"
  integrity sha1-eIv3RmUGsca/X65R0kosTWLkdoM=
  dependencies:
    cheerio-select "^2.1.0"
    dom-serializer "^2.0.0"
    domhandler "^5.0.3"
    domutils "^3.0.1"
    htmlparser2 "^8.0.1"
    parse5 "^7.0.0"
    parse5-htmlparser2-tree-adapter "^7.0.0"

chownr@^1.1.1:
  version "1.1.4"
  resolved "https://pkgs.dev.azure.com/dnceng/public/_packaging/dotnet-public-npm/npm/registry/chownr/-/chownr-1.1.4.tgz#6fc9d7b42d32a583596337666e7d08084da2cc6b"
  integrity sha1-b8nXtC0ypYNZYzdmbn0ICE2izGs=

color-convert@^1.9.0:
  version "1.9.3"
  resolved "https://pkgs.dev.azure.com/dnceng/public/_packaging/dotnet-public-npm/npm/registry/color-convert/-/color-convert-1.9.3.tgz#bb71850690e1f136567de629d2d5471deda4c1e8"
  integrity sha1-u3GFBpDh8TZWfeYp0tVHHe2kweg=
  dependencies:
    color-name "1.1.3"

color-name@1.1.3:
  version "1.1.3"
  resolved "https://pkgs.dev.azure.com/dnceng/public/_packaging/dotnet-public-npm/npm/registry/color-name/-/color-name-1.1.3.tgz#a7d0558bd89c42f795dd42328f740831ca53bc25"
  integrity sha1-p9BVi9icQveV3UIyj3QIMcpTvCU=

commander@^6.1.0:
  version "6.2.1"
  resolved "https://pkgs.dev.azure.com/dnceng/public/_packaging/dotnet-public-npm/npm/registry/commander/-/commander-6.2.1.tgz#0792eb682dfbc325999bb2b84fddddba110ac73c"
  integrity sha1-B5LraC37wyWZm7K4T93duhEKxzw=

concat-map@0.0.1:
  version "0.0.1"
  resolved "https://pkgs.dev.azure.com/dnceng/public/_packaging/dotnet-public-npm/npm/registry/concat-map/-/concat-map-0.0.1.tgz#d8a96bd77fd68df7793a73036a3ba0d5405d477b"
  integrity sha1-2Klr13/Wjfd5OnMDajug1UBdR3s=

css-select@^5.1.0:
  version "5.1.0"
  resolved "https://pkgs.dev.azure.com/dnceng/public/_packaging/dotnet-public-npm/npm/registry/css-select/-/css-select-5.1.0.tgz#b8ebd6554c3637ccc76688804ad3f6a6fdaea8a6"
  integrity sha1-uOvWVUw2N8zHZoiAStP2pv2uqKY=
  dependencies:
    boolbase "^1.0.0"
    css-what "^6.1.0"
    domhandler "^5.0.2"
    domutils "^3.0.1"
    nth-check "^2.0.1"

css-what@^6.1.0:
  version "6.1.0"
  resolved "https://pkgs.dev.azure.com/dnceng/public/_packaging/dotnet-public-npm/npm/registry/css-what/-/css-what-6.1.0.tgz#fb5effcf76f1ddea2c81bdfaa4de44e79bac70f4"
  integrity sha1-+17/z3bx3eosgb36pN5E55uscPQ=

decompress-response@^6.0.0:
  version "6.0.0"
  resolved "https://pkgs.dev.azure.com/dnceng/public/_packaging/dotnet-public-npm/npm/registry/decompress-response/-/decompress-response-6.0.0.tgz#ca387612ddb7e104bd16d85aab00d5ecf09c66fc"
  integrity sha1-yjh2Et234QS9FthaqwDV7PCcZvw=
  dependencies:
    mimic-response "^3.1.0"

deep-extend@^0.6.0:
  version "0.6.0"
  resolved "https://pkgs.dev.azure.com/dnceng/public/_packaging/dotnet-public-npm/npm/registry/deep-extend/-/deep-extend-0.6.0.tgz#c4fa7c95404a17a9c3e8ca7e1537312b736330ac"
  integrity sha1-xPp8lUBKF6nD6Mp+FTcxK3NjMKw=

detect-libc@^2.0.0:
  version "2.0.1"
  resolved "https://pkgs.dev.azure.com/dnceng/public/_packaging/dotnet-public-npm/npm/registry/detect-libc/-/detect-libc-2.0.1.tgz#e1897aa88fa6ad197862937fbc0441ef352ee0cd"
  integrity sha1-4Yl6qI+mrRl4YpN/vARB7zUu4M0=

dom-serializer@^2.0.0:
  version "2.0.0"
  resolved "https://pkgs.dev.azure.com/dnceng/public/_packaging/dotnet-public-npm/npm/registry/dom-serializer/-/dom-serializer-2.0.0.tgz#e41b802e1eedf9f6cae183ce5e622d789d7d8e53"
  integrity sha1-5BuALh7t+fbK4YPOXmIteJ19jlM=
  dependencies:
    domelementtype "^2.3.0"
    domhandler "^5.0.2"
    entities "^4.2.0"

domelementtype@^2.3.0:
  version "2.3.0"
  resolved "https://pkgs.dev.azure.com/dnceng/public/_packaging/dotnet-public-npm/npm/registry/domelementtype/-/domelementtype-2.3.0.tgz#5c45e8e869952626331d7aab326d01daf65d589d"
  integrity sha1-XEXo6GmVJiYzHXqrMm0B2vZdWJ0=

domhandler@^5.0.1, domhandler@^5.0.2, domhandler@^5.0.3:
  version "5.0.3"
  resolved "https://pkgs.dev.azure.com/dnceng/public/_packaging/dotnet-public-npm/npm/registry/domhandler/-/domhandler-5.0.3.tgz#cc385f7f751f1d1fc650c21374804254538c7d31"
  integrity sha1-zDhff3UfHR/GUMITdIBCVFOMfTE=
  dependencies:
    domelementtype "^2.3.0"

domutils@^3.0.1:
  version "3.0.1"
  resolved "https://pkgs.dev.azure.com/dnceng/public/_packaging/dotnet-public-npm/npm/registry/domutils/-/domutils-3.0.1.tgz#696b3875238338cb186b6c0612bd4901c89a4f1c"
  integrity sha1-aWs4dSODOMsYa2wGEr1JAciaTxw=
  dependencies:
    dom-serializer "^2.0.0"
    domelementtype "^2.3.0"
    domhandler "^5.0.1"

end-of-stream@^1.1.0, end-of-stream@^1.4.1:
  version "1.4.4"
  resolved "https://pkgs.dev.azure.com/dnceng/public/_packaging/dotnet-public-npm/npm/registry/end-of-stream/-/end-of-stream-1.4.4.tgz#5ae64a5f45057baf3626ec14da0ca5e4b2431eb0"
  integrity sha1-WuZKX0UFe682JuwU2gyl5LJDHrA=
  dependencies:
    once "^1.4.0"

entities@^4.2.0, entities@^4.3.0, entities@^4.4.0:
  version "4.4.0"
  resolved "https://pkgs.dev.azure.com/dnceng/public/_packaging/dotnet-public-npm/npm/registry/entities/-/entities-4.4.0.tgz#97bdaba170339446495e653cfd2db78962900174"
  integrity sha1-l72roXAzlEZJXmU8/S23iWKQAXQ=

entities@~2.1.0:
  version "2.1.0"
  resolved "https://pkgs.dev.azure.com/dnceng/public/_packaging/dotnet-public-npm/npm/registry/entities/-/entities-2.1.0.tgz#992d3129cf7df6870b96c57858c249a120f8b8b5"
  integrity sha1-mS0xKc999ocLlsV4WMJJoSD4uLU=

escape-string-regexp@^1.0.5:
  version "1.0.5"
  resolved "https://pkgs.dev.azure.com/dnceng/public/_packaging/dotnet-public-npm/npm/registry/escape-string-regexp/-/escape-string-regexp-1.0.5.tgz#1b61c0562190a8dff6ae3bb2cf0200ca130b86d4"
  integrity sha1-G2HAViGQqN/2rjuyzwIAyhMLhtQ=

expand-template@^2.0.3:
  version "2.0.3"
  resolved "https://pkgs.dev.azure.com/dnceng/public/_packaging/dotnet-public-npm/npm/registry/expand-template/-/expand-template-2.0.3.tgz#6e14b3fcee0f3a6340ecb57d2e8918692052a47c"
  integrity sha1-bhSz/O4POmNA7LV9LokYaSBSpHw=

fd-slicer@~1.1.0:
  version "1.1.0"
  resolved "https://pkgs.dev.azure.com/dnceng/public/_packaging/dotnet-public-npm/npm/registry/fd-slicer/-/fd-slicer-1.1.0.tgz#25c7c89cb1f9077f8891bbe61d8f390eae256f1e"
  integrity sha1-JcfInLH5B3+IkbvmHY85Dq4lbx4=
  dependencies:
    pend "~1.2.0"

fs-constants@^1.0.0:
  version "1.0.0"
  resolved "https://pkgs.dev.azure.com/dnceng/public/_packaging/dotnet-public-npm/npm/registry/fs-constants/-/fs-constants-1.0.0.tgz#6be0de9be998ce16af8afc24497b9ee9b7ccd9ad"
  integrity sha1-a+Dem+mYzhavivwkSXue6bfM2a0=

fs.realpath@^1.0.0:
  version "1.0.0"
  resolved "https://pkgs.dev.azure.com/dnceng/public/_packaging/dotnet-public-npm/npm/registry/fs.realpath/-/fs.realpath-1.0.0.tgz#1504ad2523158caa40db4a2787cb01411994ea4f"
  integrity sha1-FQStJSMVjKpA20onh8sBQRmU6k8=

function-bind@^1.1.1:
  version "1.1.1"
  resolved "https://pkgs.dev.azure.com/dnceng/public/_packaging/dotnet-public-npm/npm/registry/function-bind/-/function-bind-1.1.1.tgz#a56899d3ea3c9bab874bb9773b7c5ede92f4895d"
  integrity sha1-pWiZ0+o8m6uHS7l3O3xe3pL0iV0=

get-intrinsic@^1.0.2:
  version "1.1.3"
  resolved "https://pkgs.dev.azure.com/dnceng/public/_packaging/dotnet-public-npm/npm/registry/get-intrinsic/-/get-intrinsic-1.1.3.tgz#063c84329ad93e83893c7f4f243ef63ffa351385"
  integrity sha1-BjyEMprZPoOJPH9PJD72P/o1E4U=
  dependencies:
    function-bind "^1.1.1"
    has "^1.0.3"
    has-symbols "^1.0.3"

github-from-package@0.0.0:
  version "0.0.0"
  resolved "https://pkgs.dev.azure.com/dnceng/public/_packaging/dotnet-public-npm/npm/registry/github-from-package/-/github-from-package-0.0.0.tgz#97fb5d96bfde8973313f20e8288ef9a167fa64ce"
  integrity sha1-l/tdlr/eiXMxPyDoKI75oWf6ZM4=

glob@^7.0.6, glob@^7.1.3:
  version "7.2.3"
  resolved "https://pkgs.dev.azure.com/dnceng/public/_packaging/dotnet-public-npm/npm/registry/glob/-/glob-7.2.3.tgz#b8df0fb802bbfa8e89bd1d938b4e16578ed44f2b"
  integrity sha1-uN8PuAK7+o6JvR2Ti04WV47UTys=
  dependencies:
    fs.realpath "^1.0.0"
    inflight "^1.0.4"
    inherits "2"
    minimatch "^3.1.1"
    once "^1.3.0"
    path-is-absolute "^1.0.0"

has-flag@^3.0.0:
  version "3.0.0"
  resolved "https://pkgs.dev.azure.com/dnceng/public/_packaging/dotnet-public-npm/npm/registry/has-flag/-/has-flag-3.0.0.tgz#b5d454dc2199ae225699f3467e5a07f3b955bafd"
  integrity sha1-tdRU3CGZriJWmfNGfloH87lVuv0=

has-symbols@^1.0.3:
  version "1.0.3"
  resolved "https://pkgs.dev.azure.com/dnceng/public/_packaging/dotnet-public-npm/npm/registry/has-symbols/-/has-symbols-1.0.3.tgz#bb7b2c4349251dce87b125f7bdf874aa7c8b39f8"
  integrity sha1-u3ssQ0klHc6HsSX3vfh0qnyLOfg=

has@^1.0.3:
  version "1.0.3"
  resolved "https://pkgs.dev.azure.com/dnceng/public/_packaging/dotnet-public-npm/npm/registry/has/-/has-1.0.3.tgz#722d7cbfc1f6aa8241f16dd814e011e1f41e8796"
  integrity sha1-ci18v8H2qoJB8W3YFOAR4fQeh5Y=
  dependencies:
    function-bind "^1.1.1"

hosted-git-info@^4.0.2:
  version "4.1.0"
  resolved "https://pkgs.dev.azure.com/dnceng/public/_packaging/dotnet-public-npm/npm/registry/hosted-git-info/-/hosted-git-info-4.1.0.tgz#827b82867e9ff1c8d0c4d9d53880397d2c86d224"
  integrity sha1-gnuChn6f8cjQxNnVOIA5fSyG0iQ=
  dependencies:
    lru-cache "^6.0.0"

htmlparser2@^8.0.1:
  version "8.0.1"
  resolved "https://pkgs.dev.azure.com/dnceng/public/_packaging/dotnet-public-npm/npm/registry/htmlparser2/-/htmlparser2-8.0.1.tgz#abaa985474fcefe269bc761a779b544d7196d010"
  integrity sha1-q6qYVHT87+JpvHYad5tUTXGW0BA=
  dependencies:
    domelementtype "^2.3.0"
    domhandler "^5.0.2"
    domutils "^3.0.1"
    entities "^4.3.0"

ieee754@^1.1.13:
  version "1.2.1"
  resolved "https://pkgs.dev.azure.com/dnceng/public/_packaging/dotnet-public-npm/npm/registry/ieee754/-/ieee754-1.2.1.tgz#8eb7a10a63fff25d15a57b001586d177d1b0d352"
  integrity sha1-jrehCmP/8l0VpXsAFYbRd9Gw01I=

inflight@^1.0.4:
  version "1.0.6"
  resolved "https://pkgs.dev.azure.com/dnceng/public/_packaging/dotnet-public-npm/npm/registry/inflight/-/inflight-1.0.6.tgz#49bd6331d7d02d0c09bc910a1075ba8165b56df9"
  integrity sha1-Sb1jMdfQLQwJvJEKEHW6gWW1bfk=
  dependencies:
    once "^1.3.0"
    wrappy "1"

inherits@2, inherits@^2.0.3, inherits@^2.0.4:
  version "2.0.4"
  resolved "https://pkgs.dev.azure.com/dnceng/public/_packaging/dotnet-public-npm/npm/registry/inherits/-/inherits-2.0.4.tgz#0fa2c64f932917c3433a0ded55363aae37416b7c"
  integrity sha1-D6LGT5MpF8NDOg3tVTY6rjdBa3w=

ini@~1.3.0:
  version "1.3.8"
  resolved "https://pkgs.dev.azure.com/dnceng/public/_packaging/dotnet-public-npm/npm/registry/ini/-/ini-1.3.8.tgz#a29da425b48806f34767a4efce397269af28432c"
  integrity sha1-op2kJbSIBvNHZ6Tvzjlyaa8oQyw=

keytar@^7.7.0:
  version "7.9.0"
  resolved "https://pkgs.dev.azure.com/dnceng/public/_packaging/dotnet-public-npm/npm/registry/keytar/-/keytar-7.9.0.tgz#4c6225708f51b50cbf77c5aae81721964c2918cb"
  integrity sha1-TGIlcI9RtQy/d8Wq6BchlkwpGMs=
  dependencies:
    node-addon-api "^4.3.0"
    prebuild-install "^7.0.1"

leven@^3.1.0:
  version "3.1.0"
  resolved "https://pkgs.dev.azure.com/dnceng/public/_packaging/dotnet-public-npm/npm/registry/leven/-/leven-3.1.0.tgz#77891de834064cccba82ae7842bb6b14a13ed7f2"
  integrity sha1-d4kd6DQGTMy6gq54QrtrFKE+1/I=

linkify-it@^3.0.1:
  version "3.0.3"
  resolved "https://pkgs.dev.azure.com/dnceng/public/_packaging/dotnet-public-npm/npm/registry/linkify-it/-/linkify-it-3.0.3.tgz#a98baf44ce45a550efb4d49c769d07524cc2fa2e"
  integrity sha1-qYuvRM5FpVDvtNScdp0HUkzC+i4=
  dependencies:
    uc.micro "^1.0.1"

lru-cache@^6.0.0:
  version "6.0.0"
  resolved "https://pkgs.dev.azure.com/dnceng/public/_packaging/dotnet-public-npm/npm/registry/lru-cache/-/lru-cache-6.0.0.tgz#6d6fe6570ebd96aaf90fcad1dafa3b2566db3a94"
  integrity sha1-bW/mVw69lqr5D8rR2vo7JWbbOpQ=
  dependencies:
    yallist "^4.0.0"

markdown-it@^12.3.2:
  version "12.3.2"
  resolved "https://pkgs.dev.azure.com/dnceng/public/_packaging/dotnet-public-npm/npm/registry/markdown-it/-/markdown-it-12.3.2.tgz#bf92ac92283fe983fe4de8ff8abfb5ad72cd0c90"
  integrity sha1-v5Kskig/6YP+Tej/ir+1rXLNDJA=
  dependencies:
    argparse "^2.0.1"
    entities "~2.1.0"
    linkify-it "^3.0.1"
    mdurl "^1.0.1"
    uc.micro "^1.0.5"

mdurl@^1.0.1:
  version "1.0.1"
  resolved "https://pkgs.dev.azure.com/dnceng/public/_packaging/dotnet-public-npm/npm/registry/mdurl/-/mdurl-1.0.1.tgz#fe85b2ec75a59037f2adfec100fd6c601761152e"
  integrity sha1-/oWy7HWlkDfyrf7BAP1sYBdhFS4=

mime@^1.3.4:
  version "1.6.0"
  resolved "https://pkgs.dev.azure.com/dnceng/public/_packaging/dotnet-public-npm/npm/registry/mime/-/mime-1.6.0.tgz#32cd9e5c64553bd58d19a568af452acff04981b1"
  integrity sha1-Ms2eXGRVO9WNGaVor0Uqz/BJgbE=

mimic-response@^3.1.0:
  version "3.1.0"
  resolved "https://pkgs.dev.azure.com/dnceng/public/_packaging/dotnet-public-npm/npm/registry/mimic-response/-/mimic-response-3.1.0.tgz#2d1d59af9c1b129815accc2c46a022a5ce1fa3c9"
  integrity sha1-LR1Zr5wbEpgVrMwsRqAipc4fo8k=

minimatch@^3.0.3, minimatch@^3.1.1:
  version "3.1.2"
  resolved "https://pkgs.dev.azure.com/dnceng/public/_packaging/dotnet-public-npm/npm/registry/minimatch/-/minimatch-3.1.2.tgz#19cd194bfd3e428f049a70817c038d89ab4be35b"
  integrity sha1-Gc0ZS/0+Qo8EmnCBfAONiatL41s=
  dependencies:
    brace-expansion "^1.1.7"

minimist@^1.2.0, minimist@^1.2.3:
  version "1.2.6"
  resolved "https://pkgs.dev.azure.com/dnceng/public/_packaging/dotnet-public-npm/npm/registry/minimist/-/minimist-1.2.6.tgz#8637a5b759ea0d6e98702cfb3a9283323c93af44"
  integrity sha1-hjelt1nqDW6YcCz7OpKDMjyTr0Q=

mkdirp-classic@^0.5.2, mkdirp-classic@^0.5.3:
  version "0.5.3"
  resolved "https://pkgs.dev.azure.com/dnceng/public/_packaging/dotnet-public-npm/npm/registry/mkdirp-classic/-/mkdirp-classic-0.5.3.tgz#fa10c9115cc6d8865be221ba47ee9bed78601113"
  integrity sha1-+hDJEVzG2IZb4iG6R+6b7XhgERM=

mute-stream@~0.0.4:
  version "0.0.8"
  resolved "https://pkgs.dev.azure.com/dnceng/public/_packaging/dotnet-public-npm/npm/registry/mute-stream/-/mute-stream-0.0.8.tgz#1630c42b2251ff81e2a283de96a5497ea92e5e0d"
  integrity sha1-FjDEKyJR/4HiooPelqVJfqkuXg0=

napi-build-utils@^1.0.1:
  version "1.0.2"
  resolved "https://pkgs.dev.azure.com/dnceng/public/_packaging/dotnet-public-npm/npm/registry/napi-build-utils/-/napi-build-utils-1.0.2.tgz#b1fddc0b2c46e380a0b7a76f984dd47c41a13806"
  integrity sha1-sf3cCyxG44Cgt6dvmE3UfEGhOAY=

node-abi@^3.3.0:
  version "3.24.0"
  resolved "https://pkgs.dev.azure.com/dnceng/public/_packaging/dotnet-public-npm/npm/registry/node-abi/-/node-abi-3.24.0.tgz#b9d03393a49f2c7e147d0c99f180e680c27c1599"
  integrity sha1-udAzk6SfLH4UfQyZ8YDmgMJ8FZk=
  dependencies:
    semver "^7.3.5"

node-addon-api@^4.3.0:
  version "4.3.0"
  resolved "https://pkgs.dev.azure.com/dnceng/public/_packaging/dotnet-public-npm/npm/registry/node-addon-api/-/node-addon-api-4.3.0.tgz#52a1a0b475193e0928e98e0426a0d1254782b77f"
  integrity sha1-UqGgtHUZPgko6Y4EJqDRJUeCt38=

nth-check@^2.0.1:
  version "2.1.1"
  resolved "https://pkgs.dev.azure.com/dnceng/public/_packaging/dotnet-public-npm/npm/registry/nth-check/-/nth-check-2.1.1.tgz#c9eab428effce36cd6b92c924bdb000ef1f1ed1d"
  integrity sha1-yeq0KO/842zWuSySS9sADvHx7R0=
  dependencies:
    boolbase "^1.0.0"

object-inspect@^1.9.0:
  version "1.12.2"
  resolved "https://pkgs.dev.azure.com/dnceng/public/_packaging/dotnet-public-npm/npm/registry/object-inspect/-/object-inspect-1.12.2.tgz#c0641f26394532f28ab8d796ab954e43c009a8ea"
  integrity sha1-wGQfJjlFMvKKuNeWq5VOQ8AJqOo=

once@^1.3.0, once@^1.3.1, once@^1.4.0:
  version "1.4.0"
  resolved "https://pkgs.dev.azure.com/dnceng/public/_packaging/dotnet-public-npm/npm/registry/once/-/once-1.4.0.tgz#583b1aa775961d4b113ac17d9c50baef9dd76bd1"
  integrity sha1-WDsap3WWHUsROsF9nFC6753Xa9E=
  dependencies:
    wrappy "1"

parse-semver@^1.1.1:
  version "1.1.1"
  resolved "https://pkgs.dev.azure.com/dnceng/public/_packaging/dotnet-public-npm/npm/registry/parse-semver/-/parse-semver-1.1.1.tgz#9a4afd6df063dc4826f93fba4a99cf223f666cb8"
  integrity sha1-mkr9bfBj3Egm+T+6SpnPIj9mbLg=
  dependencies:
    semver "^5.1.0"

parse5-htmlparser2-tree-adapter@^7.0.0:
  version "7.0.0"
  resolved "https://pkgs.dev.azure.com/dnceng/public/_packaging/dotnet-public-npm/npm/registry/parse5-htmlparser2-tree-adapter/-/parse5-htmlparser2-tree-adapter-7.0.0.tgz#23c2cc233bcf09bb7beba8b8a69d46b08c62c2f1"
  integrity sha1-I8LMIzvPCbt766i4pp1GsIxiwvE=
  dependencies:
    domhandler "^5.0.2"
    parse5 "^7.0.0"

parse5@^7.0.0:
  version "7.1.1"
  resolved "https://pkgs.dev.azure.com/dnceng/public/_packaging/dotnet-public-npm/npm/registry/parse5/-/parse5-7.1.1.tgz#4649f940ccfb95d8754f37f73078ea20afe0c746"
  integrity sha1-Rkn5QMz7ldh1Tzf3MHjqIK/gx0Y=
  dependencies:
    entities "^4.4.0"

path-is-absolute@^1.0.0:
  version "1.0.1"
  resolved "https://pkgs.dev.azure.com/dnceng/public/_packaging/dotnet-public-npm/npm/registry/path-is-absolute/-/path-is-absolute-1.0.1.tgz#174b9268735534ffbc7ace6bf53a5a9e1b5c5f5f"
  integrity sha1-F0uSaHNVNP+8es5r9TpanhtcX18=

pend@~1.2.0:
  version "1.2.0"
  resolved "https://pkgs.dev.azure.com/dnceng/public/_packaging/dotnet-public-npm/npm/registry/pend/-/pend-1.2.0.tgz#7a57eb550a6783f9115331fcf4663d5c8e007a50"
  integrity sha1-elfrVQpng/kRUzH89GY9XI4AelA=

prebuild-install@^7.0.1:
  version "7.1.1"
  resolved "https://pkgs.dev.azure.com/dnceng/public/_packaging/dotnet-public-npm/npm/registry/prebuild-install/-/prebuild-install-7.1.1.tgz#de97d5b34a70a0c81334fd24641f2a1702352e45"
  integrity sha1-3pfVs0pwoMgTNP0kZB8qFwI1LkU=
  dependencies:
    detect-libc "^2.0.0"
    expand-template "^2.0.3"
    github-from-package "0.0.0"
    minimist "^1.2.3"
    mkdirp-classic "^0.5.3"
    napi-build-utils "^1.0.1"
    node-abi "^3.3.0"
    pump "^3.0.0"
    rc "^1.2.7"
    simple-get "^4.0.0"
    tar-fs "^2.0.0"
    tunnel-agent "^0.6.0"

pump@^3.0.0:
  version "3.0.0"
  resolved "https://pkgs.dev.azure.com/dnceng/public/_packaging/dotnet-public-npm/npm/registry/pump/-/pump-3.0.0.tgz#b4a2116815bde2f4e1ea602354e8c75565107a64"
  integrity sha1-tKIRaBW94vTh6mAjVOjHVWUQemQ=
  dependencies:
    end-of-stream "^1.1.0"
    once "^1.3.1"

qs@^6.9.1:
  version "6.11.0"
  resolved "https://pkgs.dev.azure.com/dnceng/public/_packaging/dotnet-public-npm/npm/registry/qs/-/qs-6.11.0.tgz#fd0d963446f7a65e1367e01abd85429453f0c37a"
  integrity sha1-/Q2WNEb3pl4TZ+AavYVClFPww3o=
  dependencies:
    side-channel "^1.0.4"

rc@^1.2.7:
  version "1.2.8"
  resolved "https://pkgs.dev.azure.com/dnceng/public/_packaging/dotnet-public-npm/npm/registry/rc/-/rc-1.2.8.tgz#cd924bf5200a075b83c188cd6b9e211b7fc0d3ed"
  integrity sha1-zZJL9SAKB1uDwYjNa54hG3/A0+0=
  dependencies:
    deep-extend "^0.6.0"
    ini "~1.3.0"
    minimist "^1.2.0"
    strip-json-comments "~2.0.1"

read@^1.0.7:
  version "1.0.7"
  resolved "https://pkgs.dev.azure.com/dnceng/public/_packaging/dotnet-public-npm/npm/registry/read/-/read-1.0.7.tgz#b3da19bd052431a97671d44a42634adf710b40c4"
  integrity sha1-s9oZvQUkMal2cdRKQmNK33ELQMQ=
  dependencies:
    mute-stream "~0.0.4"

readable-stream@^3.1.1, readable-stream@^3.4.0:
  version "3.6.0"
  resolved "https://pkgs.dev.azure.com/dnceng/public/_packaging/dotnet-public-npm/npm/registry/readable-stream/-/readable-stream-3.6.0.tgz#337bbda3adc0706bd3e024426a286d4b4b2c9198"
  integrity sha1-M3u9o63AcGvT4CRCaihtS0sskZg=
  dependencies:
    inherits "^2.0.3"
    string_decoder "^1.1.1"
    util-deprecate "^1.0.1"

rimraf@^3.0.0:
  version "3.0.2"
  resolved "https://pkgs.dev.azure.com/dnceng/public/_packaging/dotnet-public-npm/npm/registry/rimraf/-/rimraf-3.0.2.tgz#f1a5402ba6220ad52cc1282bac1ae3aa49fd061a"
  integrity sha1-8aVAK6YiCtUswSgrrBrjqkn9Bho=
  dependencies:
    glob "^7.1.3"

safe-buffer@^5.0.1, safe-buffer@~5.2.0:
  version "5.2.1"
  resolved "https://pkgs.dev.azure.com/dnceng/public/_packaging/dotnet-public-npm/npm/registry/safe-buffer/-/safe-buffer-5.2.1.tgz#1eaf9fa9bdb1fdd4ec75f58f9cdb4e6b7827eec6"
  integrity sha1-Hq+fqb2x/dTsdfWPnNtOa3gn7sY=

sax@>=0.6.0:
  version "1.2.4"
  resolved "https://pkgs.dev.azure.com/dnceng/public/_packaging/dotnet-public-npm/npm/registry/sax/-/sax-1.2.4.tgz#2816234e2378bddc4e5354fab5caa895df7100d9"
  integrity sha1-KBYjTiN4vdxOU1T6tcqold9xANk=

semver@^5.1.0:
  version "5.7.2"
  resolved "https://pkgs.dev.azure.com/dnceng/public/_packaging/dotnet-public-npm/npm/registry/semver/-/semver-5.7.2.tgz#48d55db737c3287cd4835e17fa13feace1c41ef8"
  integrity sha1-SNVdtzfDKHzUg14X+hP+rOHEHvg=

semver@^7.3.5:
  version "7.5.4"
  resolved "https://pkgs.dev.azure.com/dnceng/public/_packaging/dotnet-public-npm/npm/registry/semver/-/semver-7.5.4.tgz#483986ec4ed38e1c6c48c34894a9182dbff68a6e"
  integrity sha1-SDmG7E7TjhxsSMNIlKkYLb/2im4=
  dependencies:
    lru-cache "^6.0.0"

side-channel@^1.0.4:
  version "1.0.4"
  resolved "https://pkgs.dev.azure.com/dnceng/public/_packaging/dotnet-public-npm/npm/registry/side-channel/-/side-channel-1.0.4.tgz#efce5c8fdc104ee751b25c58d4290011fa5ea2cf"
  integrity sha1-785cj9wQTudRslxY1CkAEfpeos8=
  dependencies:
    call-bind "^1.0.0"
    get-intrinsic "^1.0.2"
    object-inspect "^1.9.0"

simple-concat@^1.0.0:
  version "1.0.1"
  resolved "https://pkgs.dev.azure.com/dnceng/public/_packaging/dotnet-public-npm/npm/registry/simple-concat/-/simple-concat-1.0.1.tgz#f46976082ba35c2263f1c8ab5edfe26c41c9552f"
  integrity sha1-9Gl2CCujXCJj8cirXt/ibEHJVS8=

simple-get@^4.0.0:
  version "4.0.1"
  resolved "https://pkgs.dev.azure.com/dnceng/public/_packaging/dotnet-public-npm/npm/registry/simple-get/-/simple-get-4.0.1.tgz#4a39db549287c979d352112fa03fd99fd6bc3543"
  integrity sha1-SjnbVJKHyXnTUhEvoD/Zn9a8NUM=
  dependencies:
    decompress-response "^6.0.0"
    once "^1.3.1"
    simple-concat "^1.0.0"

string_decoder@^1.1.1:
  version "1.3.0"
  resolved "https://pkgs.dev.azure.com/dnceng/public/_packaging/dotnet-public-npm/npm/registry/string_decoder/-/string_decoder-1.3.0.tgz#42f114594a46cf1a8e30b0a84f56c78c3edac21e"
  integrity sha1-QvEUWUpGzxqOMLCoT1bHjD7awh4=
  dependencies:
    safe-buffer "~5.2.0"

strip-json-comments@~2.0.1:
  version "2.0.1"
  resolved "https://pkgs.dev.azure.com/dnceng/public/_packaging/dotnet-public-npm/npm/registry/strip-json-comments/-/strip-json-comments-2.0.1.tgz#3c531942e908c2697c0ec344858c286c7ca0a60a"
  integrity sha1-PFMZQukIwml8DsNEhYwobHygpgo=

supports-color@^5.3.0:
  version "5.5.0"
  resolved "https://pkgs.dev.azure.com/dnceng/public/_packaging/dotnet-public-npm/npm/registry/supports-color/-/supports-color-5.5.0.tgz#e2e69a44ac8772f78a1ec0b35b689df6530efc8f"
  integrity sha1-4uaaRKyHcveKHsCzW2id9lMO/I8=
  dependencies:
    has-flag "^3.0.0"

tar-fs@^2.0.0:
  version "2.1.1"
  resolved "https://pkgs.dev.azure.com/dnceng/public/_packaging/dotnet-public-npm/npm/registry/tar-fs/-/tar-fs-2.1.1.tgz#489a15ab85f1f0befabb370b7de4f9eb5cbe8784"
  integrity sha1-SJoVq4Xx8L76uzcLfeT561y+h4Q=
  dependencies:
    chownr "^1.1.1"
    mkdirp-classic "^0.5.2"
    pump "^3.0.0"
    tar-stream "^2.1.4"

tar-stream@^2.1.4:
  version "2.2.0"
  resolved "https://pkgs.dev.azure.com/dnceng/public/_packaging/dotnet-public-npm/npm/registry/tar-stream/-/tar-stream-2.2.0.tgz#acad84c284136b060dc3faa64474aa9aebd77287"
  integrity sha1-rK2EwoQTawYNw/qmRHSqmuvXcoc=
  dependencies:
    bl "^4.0.3"
    end-of-stream "^1.4.1"
    fs-constants "^1.0.0"
    inherits "^2.0.3"
    readable-stream "^3.1.1"

tmp@^0.2.1:
  version "0.2.1"
  resolved "https://pkgs.dev.azure.com/dnceng/public/_packaging/dotnet-public-npm/npm/registry/tmp/-/tmp-0.2.1.tgz#8457fc3037dcf4719c251367a1af6500ee1ccf14"
  integrity sha1-hFf8MDfc9HGcJRNnoa9lAO4czxQ=
  dependencies:
    rimraf "^3.0.0"

tunnel-agent@^0.6.0:
  version "0.6.0"
  resolved "https://pkgs.dev.azure.com/dnceng/public/_packaging/dotnet-public-npm/npm/registry/tunnel-agent/-/tunnel-agent-0.6.0.tgz#27a5dea06b36b04a0a9966774b290868f0fc40fd"
  integrity sha1-J6XeoGs2sEoKmWZ3SykIaPD8QP0=
  dependencies:
    safe-buffer "^5.0.1"

tunnel@0.0.6:
  version "0.0.6"
  resolved "https://pkgs.dev.azure.com/dnceng/public/_packaging/dotnet-public-npm/npm/registry/tunnel/-/tunnel-0.0.6.tgz#72f1314b34a5b192db012324df2cc587ca47f92c"
  integrity sha1-cvExSzSlsZLbASMk3yzFh8pH+Sw=

typed-rest-client@^1.8.4:
  version "1.8.9"
  resolved "https://pkgs.dev.azure.com/dnceng/public/_packaging/dotnet-public-npm/npm/registry/typed-rest-client/-/typed-rest-client-1.8.9.tgz#e560226bcadfe71b0fb5c416b587f8da3b8f92d8"
  integrity sha1-5WAia8rf5xsPtcQWtYf42juPktg=
  dependencies:
    qs "^6.9.1"
    tunnel "0.0.6"
    underscore "^1.12.1"

uc.micro@^1.0.1, uc.micro@^1.0.5:
  version "1.0.6"
  resolved "https://pkgs.dev.azure.com/dnceng/public/_packaging/dotnet-public-npm/npm/registry/uc.micro/-/uc.micro-1.0.6.tgz#9c411a802a409a91fc6cf74081baba34b24499ac"
  integrity sha1-nEEagCpAmpH8bPdAgbq6NLJEmaw=

underscore@^1.12.1:
  version "1.13.4"
  resolved "https://pkgs.dev.azure.com/dnceng/public/_packaging/dotnet-public-npm/npm/registry/underscore/-/underscore-1.13.4.tgz#7886b46bbdf07f768e0052f1828e1dcab40c0dee"
  integrity sha1-eIa0a73wf3aOAFLxgo4dyrQMDe4=

url-join@^4.0.1:
  version "4.0.1"
  resolved "https://pkgs.dev.azure.com/dnceng/public/_packaging/dotnet-public-npm/npm/registry/url-join/-/url-join-4.0.1.tgz#b642e21a2646808ffa178c4c5fda39844e12cde7"
  integrity sha1-tkLiGiZGgI/6F4xMX9o5hE4Szec=

util-deprecate@^1.0.1:
  version "1.0.2"
  resolved "https://pkgs.dev.azure.com/dnceng/public/_packaging/dotnet-public-npm/npm/registry/util-deprecate/-/util-deprecate-1.0.2.tgz#450d4dc9fa70de732762fbd2d4a28981419a0ccf"
  integrity sha1-RQ1Nyfpw3nMnYvvS1KKJgUGaDM8=

vsce@2.11.0:
  version "2.11.0"
  resolved "https://pkgs.dev.azure.com/dnceng/public/_packaging/dotnet-public-npm/npm/registry/vsce/-/vsce-2.11.0.tgz#e60aac58ecfc3aec6e40024e13ea8c8d29764aef"
  integrity sha1-5gqsWOz8OuxuQAJOE+qMjSl2Su8=
  dependencies:
    azure-devops-node-api "^11.0.1"
    chalk "^2.4.2"
    cheerio "^1.0.0-rc.9"
    commander "^6.1.0"
    glob "^7.0.6"
    hosted-git-info "^4.0.2"
    keytar "^7.7.0"
    leven "^3.1.0"
    markdown-it "^12.3.2"
    mime "^1.3.4"
    minimatch "^3.0.3"
    parse-semver "^1.1.1"
    read "^1.0.7"
    semver "^5.1.0"
    tmp "^0.2.1"
    typed-rest-client "^1.8.4"
    url-join "^4.0.1"
    xml2js "^0.4.23"
    yauzl "^2.3.1"
    yazl "^2.2.2"

wrappy@1:
  version "1.0.2"
  resolved "https://pkgs.dev.azure.com/dnceng/public/_packaging/dotnet-public-npm/npm/registry/wrappy/-/wrappy-1.0.2.tgz#b5243d8f3ec1aa35f1364605bc0d1036e30ab69f"
  integrity sha1-tSQ9jz7BqjXxNkYFvA0QNuMKtp8=

xml2js@^0.4.23:
  version "0.4.23"
  resolved "https://pkgs.dev.azure.com/dnceng/public/_packaging/dotnet-public-npm/npm/registry/xml2js/-/xml2js-0.4.23.tgz#a0c69516752421eb2ac758ee4d4ccf58843eac66"
  integrity sha1-oMaVFnUkIesqx1juTUzPWIQ+rGY=
  dependencies:
    sax ">=0.6.0"
    xmlbuilder "~11.0.0"

xmlbuilder@~11.0.0:
  version "11.0.1"
  resolved "https://pkgs.dev.azure.com/dnceng/public/_packaging/dotnet-public-npm/npm/registry/xmlbuilder/-/xmlbuilder-11.0.1.tgz#be9bae1c8a046e76b31127726347d0ad7002beb3"
  integrity sha1-vpuuHIoEbnazESdyY0fQrXACvrM=

yallist@^4.0.0:
  version "4.0.0"
  resolved "https://pkgs.dev.azure.com/dnceng/public/_packaging/dotnet-public-npm/npm/registry/yallist/-/yallist-4.0.0.tgz#9bb92790d9c0effec63be73519e11a35019a3a72"
  integrity sha1-m7knkNnA7/7GO+c1GeEaNQGaOnI=

yauzl@^2.3.1:
  version "2.10.0"
  resolved "https://pkgs.dev.azure.com/dnceng/public/_packaging/dotnet-public-npm/npm/registry/yauzl/-/yauzl-2.10.0.tgz#c7eb17c93e112cb1086fa6d8e51fb0667b79a5f9"
  integrity sha1-x+sXyT4RLLEIb6bY5R+wZnt5pfk=
  dependencies:
    buffer-crc32 "~0.2.3"
    fd-slicer "~1.1.0"

yazl@^2.2.2:
  version "2.5.1"
  resolved "https://pkgs.dev.azure.com/dnceng/public/_packaging/dotnet-public-npm/npm/registry/yazl/-/yazl-2.5.1.tgz#a3d65d3dd659a5b0937850e8609f22fffa2b5c35"
  integrity sha1-o9ZdPdZZpbCTeFDoYJ8i//orXDU=
  dependencies:
    buffer-crc32 "~0.2.3"
